
Microsoft Visual Studio Solution File, Format Version 12.00
# Visual Studio Version 17
VisualStudioVersion = 17.6.33815.320
MinimumVisualStudioVersion = 10.0.40219.1
Project("{2150E333-8FDC-42A3-9474-1A3956D46DE8}") = "Documents", "Documents", "{C101BCC4-76ED-4BF5-9C53-BE019972BB84}"
EndProject
Project("{2150E333-8FDC-42A3-9474-1A3956D46DE8}") = "Application", "Application", "{6C3C7354-254A-4788-B5DC-9E36C37798F7}"
EndProject
Project("{9A19103F-16F7-4668-BE54-9A1E7A4F7556}") = "UniDocuments.Text.Domain", "Documents\UniDocuments.Text.Domain\UniDocuments.Text.Domain.csproj", "{ACD49B80-D7C3-47F6-8A5F-E0DC0A4BE2A4}"
EndProject
Project("{2150E333-8FDC-42A3-9474-1A3956D46DE8}") = "Nuget", "Nuget", "{0732877E-5898-4081-97BF-6583ADDFEB6A}"
EndProject
Project("{9A19103F-16F7-4668-BE54-9A1E7A4F7556}") = "PhlegmaticOne.OperationResults", "Nuget\PhlegmaticOne.OperationResults\PhlegmaticOne.OperationResults.csproj", "{9045F569-6FEF-43DC-AF74-8DBC8707BCC5}"
EndProject
Project("{9A19103F-16F7-4668-BE54-9A1E7A4F7556}") = "PhlegmaticOne.OperationResults.Mediatr", "Nuget\PhlegmaticOne.OperationResults.Mediatr\PhlegmaticOne.OperationResults.Mediatr.csproj", "{D9E2B3F3-E2C8-4659-98F7-76852202316D}"
EndProject
Project("{2150E333-8FDC-42A3-9474-1A3956D46DE8}") = "Services", "Services", "{C3557AAC-B79D-4433-8349-4E3D2106B9A9}"
EndProject
Project("{9A19103F-16F7-4668-BE54-9A1E7A4F7556}") = "UniDocuments.Text.Services.Preprocessing", "Documents\Services\UniDocuments.Text.Services.Preprocessing\UniDocuments.Text.Services.Preprocessing.csproj", "{E2D8F9D2-856C-458C-AC7F-F469634C7CE2}"
EndProject
Project("{9A19103F-16F7-4668-BE54-9A1E7A4F7556}") = "UniDocuments.Text.Services.StreamReading", "Documents\Services\UniDocuments.Text.Services.StreamReading\UniDocuments.Text.Services.StreamReading.csproj", "{842D9378-A8E0-4EC9-8C24-840BBCC028B9}"
EndProject
Project("{2150E333-8FDC-42A3-9474-1A3956D46DE8}") = "Data", "Data", "{C5C64268-C559-4228-B6D6-6D6B3CC0E1E4}"
EndProject
Project("{9A19103F-16F7-4668-BE54-9A1E7A4F7556}") = "UniDocuments.App.Data.EntityFramework", "Application\Data\UniDocuments.App.Data.EntityFramework\UniDocuments.App.Data.EntityFramework.csproj", "{42891EB7-35C1-441B-8678-0D4F918673FA}"
EndProject
Project("{9A19103F-16F7-4668-BE54-9A1E7A4F7556}") = "UniDocuments.App.Application", "Application\UniDocuments.App.Application\UniDocuments.App.Application.csproj", "{C7F8A24C-9571-4FD3-B6D5-705C135CAA82}"
EndProject
Project("{9A19103F-16F7-4668-BE54-9A1E7A4F7556}") = "UniDocuments.App.Domain", "Application\UniDocuments.App.Domain\UniDocuments.App.Domain.csproj", "{6917DFC6-34C3-43A7-883B-5592D62AA944}"
EndProject
Project("{9A19103F-16F7-4668-BE54-9A1E7A4F7556}") = "UniDocuments.Text.Services.Cache", "Documents\Services\UniDocuments.Text.Services.Cache\UniDocuments.Text.Services.Cache.csproj", "{50CEEF1C-F721-4F84-B8B3-C9404BF58289}"
EndProject
Project("{FAE04EC0-301F-11D3-BF4B-00C04F79EFBC}") = "UniDocuments.Text.Services.Neural", "Documents\Services\UniDocuments.Text.Services.Neural\UniDocuments.Text.Services.Neural.csproj", "{586011BD-EE9B-4650-BC67-F1B165A8A103}"
EndProject
Project("{FAE04EC0-301F-11D3-BF4B-00C04F79EFBC}") = "UniDocuments.Text.Services.FileStorage", "Documents\Services\UniDocuments.Text.Services.FileStorage\UniDocuments.Text.Services.FileStorage.csproj", "{5C2A8251-C1E6-4081-B27F-6231F2DD0E62}"
EndProject
Project("{FAE04EC0-301F-11D3-BF4B-00C04F79EFBC}") = "UniDocuments.Text.Services.DocumentMapping", "Documents\Services\UniDocuments.Text.Services.DocumentMapping\UniDocuments.Text.Services.DocumentMapping.csproj", "{9324423B-6119-4ED8-84FC-09DF270D4300}"
EndProject
Project("{FAE04EC0-301F-11D3-BF4B-00C04F79EFBC}") = "UniDocuments.Text.Root", "Documents\UniDocuments.Text.Root\UniDocuments.Text.Root.csproj", "{3C3310BA-1AC3-47A2-8A97-0DB0122AFFFE}"
EndProject
Project("{FAE04EC0-301F-11D3-BF4B-00C04F79EFBC}") = "PhlegmaticOne.PasswordHasher", "Nuget\PhlegmaticOne.PasswordHasher\PhlegmaticOne.PasswordHasher.csproj", "{22EB6381-F1A2-44A3-ABD9-5B120259840C}"
EndProject
Project("{FAE04EC0-301F-11D3-BF4B-00C04F79EFBC}") = "PhlegmaticOne.JwtTokensGeneration", "Nuget\PhlegmaticOne.JwtTokensGeneration\PhlegmaticOne.JwtTokensGeneration.csproj", "{B90638EB-7BE6-4913-B2FA-8B73A1BD67EC}"
EndProject
Project("{2150E333-8FDC-42A3-9474-1A3956D46DE8}") = "Services", "Services", "{9AD3CA7F-5D9C-431B-8007-00A335AB77B9}"
EndProject
Project("{FAE04EC0-301F-11D3-BF4B-00C04F79EFBC}") = "UniDocuments.App.Services", "Application\Services\UniDocuments.App.Services\UniDocuments.App.Services.csproj", "{A08F4209-F1A6-4187-B990-DB8075473092}"
EndProject
Project("{FAE04EC0-301F-11D3-BF4B-00C04F79EFBC}") = "PhlegmaticOne.PythonTasks", "Nuget\PhlegmaticOne.PythonTasks\PhlegmaticOne.PythonTasks.csproj", "{F709AD19-0FB3-4DA6-9DEF-1505C8C08134}"
EndProject
Project("{FAE04EC0-301F-11D3-BF4B-00C04F79EFBC}") = "UniDocuments.Text.Services.BaseMetrics", "Documents\Services\UniDocuments.Text.Services.BaseMetrics\UniDocuments.Text.Services.BaseMetrics.csproj", "{99E42AB7-C321-475C-80EB-593E16A919BE}"
EndProject
Project("{FAE04EC0-301F-11D3-BF4B-00C04F79EFBC}") = "UniDocuments.Text.Services.Fingerprinting", "Documents\Services\UniDocuments.Text.Services.Fingerprinting\UniDocuments.Text.Services.Fingerprinting.csproj", "{391B88DE-4736-4DB0-9D0B-134698894D9C}"
EndProject
Project("{FAE04EC0-301F-11D3-BF4B-00C04F79EFBC}") = "UniDocuments.Text.Application", "Documents\UniDocuments.Text.Application\UniDocuments.Text.Application.csproj", "{A81837E3-282D-4162-BF47-97CF49A5C503}"
EndProject
Project("{FAE04EC0-301F-11D3-BF4B-00C04F79EFBC}") = "UniDocuments.Text.Services.Reporting", "Documents\Services\UniDocuments.Text.Services.Reporting\UniDocuments.Text.Services.Reporting.csproj", "{85CC8E08-28F4-4F87-9652-43C6DED70CDE}"
EndProject
Project("{FAE04EC0-301F-11D3-BF4B-00C04F79EFBC}") = "UniDocuments.App.Shared", "UniDocuments.App.Shared\UniDocuments.App.Shared.csproj", "{B6D999B6-C2F6-42A6-842C-D5DFB9FDD266}"
EndProject
Project("{FAE04EC0-301F-11D3-BF4B-00C04F79EFBC}") = "UniDocuments.App.Api", "UniDocuments.App.Api\UniDocuments.App.Api.csproj", "{3D145F4C-E6E1-4483-94A2-E4A5695DB5D5}"
EndProject
Project("{FAE04EC0-301F-11D3-BF4B-00C04F79EFBC}") = "PhlegmaticOne.PagedLists", "Nuget\PhlegmaticOne.PagedList\PhlegmaticOne.PagedLists.csproj", "{B49A56D1-31DA-4142-9F03-B73793E89A29}"
EndProject
Global
	GlobalSection(SolutionConfigurationPlatforms) = preSolution
		Debug|Any CPU = Debug|Any CPU
		Release|Any CPU = Release|Any CPU
	EndGlobalSection
	GlobalSection(ProjectConfigurationPlatforms) = postSolution
		{ACD49B80-D7C3-47F6-8A5F-E0DC0A4BE2A4}.Debug|Any CPU.ActiveCfg = Debug|Any CPU
		{ACD49B80-D7C3-47F6-8A5F-E0DC0A4BE2A4}.Debug|Any CPU.Build.0 = Debug|Any CPU
		{ACD49B80-D7C3-47F6-8A5F-E0DC0A4BE2A4}.Release|Any CPU.ActiveCfg = Release|Any CPU
		{ACD49B80-D7C3-47F6-8A5F-E0DC0A4BE2A4}.Release|Any CPU.Build.0 = Release|Any CPU
		{9045F569-6FEF-43DC-AF74-8DBC8707BCC5}.Debug|Any CPU.ActiveCfg = Debug|Any CPU
		{9045F569-6FEF-43DC-AF74-8DBC8707BCC5}.Debug|Any CPU.Build.0 = Debug|Any CPU
		{9045F569-6FEF-43DC-AF74-8DBC8707BCC5}.Release|Any CPU.ActiveCfg = Release|Any CPU
		{9045F569-6FEF-43DC-AF74-8DBC8707BCC5}.Release|Any CPU.Build.0 = Release|Any CPU
		{D9E2B3F3-E2C8-4659-98F7-76852202316D}.Debug|Any CPU.ActiveCfg = Debug|Any CPU
		{D9E2B3F3-E2C8-4659-98F7-76852202316D}.Debug|Any CPU.Build.0 = Debug|Any CPU
		{D9E2B3F3-E2C8-4659-98F7-76852202316D}.Release|Any CPU.ActiveCfg = Release|Any CPU
		{D9E2B3F3-E2C8-4659-98F7-76852202316D}.Release|Any CPU.Build.0 = Release|Any CPU
		{E2D8F9D2-856C-458C-AC7F-F469634C7CE2}.Debug|Any CPU.ActiveCfg = Debug|Any CPU
		{E2D8F9D2-856C-458C-AC7F-F469634C7CE2}.Debug|Any CPU.Build.0 = Debug|Any CPU
		{E2D8F9D2-856C-458C-AC7F-F469634C7CE2}.Release|Any CPU.ActiveCfg = Release|Any CPU
		{E2D8F9D2-856C-458C-AC7F-F469634C7CE2}.Release|Any CPU.Build.0 = Release|Any CPU
		{842D9378-A8E0-4EC9-8C24-840BBCC028B9}.Debug|Any CPU.ActiveCfg = Debug|Any CPU
		{842D9378-A8E0-4EC9-8C24-840BBCC028B9}.Debug|Any CPU.Build.0 = Debug|Any CPU
		{842D9378-A8E0-4EC9-8C24-840BBCC028B9}.Release|Any CPU.ActiveCfg = Release|Any CPU
		{842D9378-A8E0-4EC9-8C24-840BBCC028B9}.Release|Any CPU.Build.0 = Release|Any CPU
		{42891EB7-35C1-441B-8678-0D4F918673FA}.Debug|Any CPU.ActiveCfg = Debug|Any CPU
		{42891EB7-35C1-441B-8678-0D4F918673FA}.Debug|Any CPU.Build.0 = Debug|Any CPU
		{42891EB7-35C1-441B-8678-0D4F918673FA}.Release|Any CPU.ActiveCfg = Release|Any CPU
		{42891EB7-35C1-441B-8678-0D4F918673FA}.Release|Any CPU.Build.0 = Release|Any CPU
		{C7F8A24C-9571-4FD3-B6D5-705C135CAA82}.Debug|Any CPU.ActiveCfg = Debug|Any CPU
		{C7F8A24C-9571-4FD3-B6D5-705C135CAA82}.Debug|Any CPU.Build.0 = Debug|Any CPU
		{C7F8A24C-9571-4FD3-B6D5-705C135CAA82}.Release|Any CPU.ActiveCfg = Release|Any CPU
		{C7F8A24C-9571-4FD3-B6D5-705C135CAA82}.Release|Any CPU.Build.0 = Release|Any CPU
		{6917DFC6-34C3-43A7-883B-5592D62AA944}.Debug|Any CPU.ActiveCfg = Debug|Any CPU
		{6917DFC6-34C3-43A7-883B-5592D62AA944}.Debug|Any CPU.Build.0 = Debug|Any CPU
		{6917DFC6-34C3-43A7-883B-5592D62AA944}.Release|Any CPU.ActiveCfg = Release|Any CPU
		{6917DFC6-34C3-43A7-883B-5592D62AA944}.Release|Any CPU.Build.0 = Release|Any CPU
		{50CEEF1C-F721-4F84-B8B3-C9404BF58289}.Debug|Any CPU.ActiveCfg = Debug|Any CPU
		{50CEEF1C-F721-4F84-B8B3-C9404BF58289}.Debug|Any CPU.Build.0 = Debug|Any CPU
		{50CEEF1C-F721-4F84-B8B3-C9404BF58289}.Release|Any CPU.ActiveCfg = Release|Any CPU
		{50CEEF1C-F721-4F84-B8B3-C9404BF58289}.Release|Any CPU.Build.0 = Release|Any CPU
		{586011BD-EE9B-4650-BC67-F1B165A8A103}.Debug|Any CPU.ActiveCfg = Debug|Any CPU
		{586011BD-EE9B-4650-BC67-F1B165A8A103}.Debug|Any CPU.Build.0 = Debug|Any CPU
		{586011BD-EE9B-4650-BC67-F1B165A8A103}.Release|Any CPU.ActiveCfg = Release|Any CPU
		{586011BD-EE9B-4650-BC67-F1B165A8A103}.Release|Any CPU.Build.0 = Release|Any CPU
		{5C2A8251-C1E6-4081-B27F-6231F2DD0E62}.Debug|Any CPU.ActiveCfg = Debug|Any CPU
		{5C2A8251-C1E6-4081-B27F-6231F2DD0E62}.Debug|Any CPU.Build.0 = Debug|Any CPU
		{5C2A8251-C1E6-4081-B27F-6231F2DD0E62}.Release|Any CPU.ActiveCfg = Release|Any CPU
		{5C2A8251-C1E6-4081-B27F-6231F2DD0E62}.Release|Any CPU.Build.0 = Release|Any CPU
		{9324423B-6119-4ED8-84FC-09DF270D4300}.Debug|Any CPU.ActiveCfg = Debug|Any CPU
		{9324423B-6119-4ED8-84FC-09DF270D4300}.Debug|Any CPU.Build.0 = Debug|Any CPU
		{9324423B-6119-4ED8-84FC-09DF270D4300}.Release|Any CPU.ActiveCfg = Release|Any CPU
		{9324423B-6119-4ED8-84FC-09DF270D4300}.Release|Any CPU.Build.0 = Release|Any CPU
		{3C3310BA-1AC3-47A2-8A97-0DB0122AFFFE}.Debug|Any CPU.ActiveCfg = Debug|Any CPU
		{3C3310BA-1AC3-47A2-8A97-0DB0122AFFFE}.Debug|Any CPU.Build.0 = Debug|Any CPU
		{3C3310BA-1AC3-47A2-8A97-0DB0122AFFFE}.Release|Any CPU.ActiveCfg = Release|Any CPU
		{3C3310BA-1AC3-47A2-8A97-0DB0122AFFFE}.Release|Any CPU.Build.0 = Release|Any CPU
		{22EB6381-F1A2-44A3-ABD9-5B120259840C}.Debug|Any CPU.ActiveCfg = Debug|Any CPU
		{22EB6381-F1A2-44A3-ABD9-5B120259840C}.Debug|Any CPU.Build.0 = Debug|Any CPU
		{22EB6381-F1A2-44A3-ABD9-5B120259840C}.Release|Any CPU.ActiveCfg = Release|Any CPU
		{22EB6381-F1A2-44A3-ABD9-5B120259840C}.Release|Any CPU.Build.0 = Release|Any CPU
		{B90638EB-7BE6-4913-B2FA-8B73A1BD67EC}.Debug|Any CPU.ActiveCfg = Debug|Any CPU
		{B90638EB-7BE6-4913-B2FA-8B73A1BD67EC}.Debug|Any CPU.Build.0 = Debug|Any CPU
		{B90638EB-7BE6-4913-B2FA-8B73A1BD67EC}.Release|Any CPU.ActiveCfg = Release|Any CPU
		{B90638EB-7BE6-4913-B2FA-8B73A1BD67EC}.Release|Any CPU.Build.0 = Release|Any CPU
		{A08F4209-F1A6-4187-B990-DB8075473092}.Debug|Any CPU.ActiveCfg = Debug|Any CPU
		{A08F4209-F1A6-4187-B990-DB8075473092}.Debug|Any CPU.Build.0 = Debug|Any CPU
		{A08F4209-F1A6-4187-B990-DB8075473092}.Release|Any CPU.ActiveCfg = Release|Any CPU
		{A08F4209-F1A6-4187-B990-DB8075473092}.Release|Any CPU.Build.0 = Release|Any CPU
		{F709AD19-0FB3-4DA6-9DEF-1505C8C08134}.Debug|Any CPU.ActiveCfg = Debug|Any CPU
		{F709AD19-0FB3-4DA6-9DEF-1505C8C08134}.Debug|Any CPU.Build.0 = Debug|Any CPU
		{F709AD19-0FB3-4DA6-9DEF-1505C8C08134}.Release|Any CPU.ActiveCfg = Release|Any CPU
		{F709AD19-0FB3-4DA6-9DEF-1505C8C08134}.Release|Any CPU.Build.0 = Release|Any CPU
		{99E42AB7-C321-475C-80EB-593E16A919BE}.Debug|Any CPU.ActiveCfg = Debug|Any CPU
		{99E42AB7-C321-475C-80EB-593E16A919BE}.Debug|Any CPU.Build.0 = Debug|Any CPU
		{99E42AB7-C321-475C-80EB-593E16A919BE}.Release|Any CPU.ActiveCfg = Release|Any CPU
		{99E42AB7-C321-475C-80EB-593E16A919BE}.Release|Any CPU.Build.0 = Release|Any CPU
		{391B88DE-4736-4DB0-9D0B-134698894D9C}.Debug|Any CPU.ActiveCfg = Debug|Any CPU
		{391B88DE-4736-4DB0-9D0B-134698894D9C}.Debug|Any CPU.Build.0 = Debug|Any CPU
		{391B88DE-4736-4DB0-9D0B-134698894D9C}.Release|Any CPU.ActiveCfg = Release|Any CPU
		{391B88DE-4736-4DB0-9D0B-134698894D9C}.Release|Any CPU.Build.0 = Release|Any CPU
		{A81837E3-282D-4162-BF47-97CF49A5C503}.Debug|Any CPU.ActiveCfg = Debug|Any CPU
		{A81837E3-282D-4162-BF47-97CF49A5C503}.Debug|Any CPU.Build.0 = Debug|Any CPU
		{A81837E3-282D-4162-BF47-97CF49A5C503}.Release|Any CPU.ActiveCfg = Release|Any CPU
		{A81837E3-282D-4162-BF47-97CF49A5C503}.Release|Any CPU.Build.0 = Release|Any CPU
		{85CC8E08-28F4-4F87-9652-43C6DED70CDE}.Debug|Any CPU.ActiveCfg = Debug|Any CPU
		{85CC8E08-28F4-4F87-9652-43C6DED70CDE}.Debug|Any CPU.Build.0 = Debug|Any CPU
		{85CC8E08-28F4-4F87-9652-43C6DED70CDE}.Release|Any CPU.ActiveCfg = Release|Any CPU
		{85CC8E08-28F4-4F87-9652-43C6DED70CDE}.Release|Any CPU.Build.0 = Release|Any CPU
		{B6D999B6-C2F6-42A6-842C-D5DFB9FDD266}.Debug|Any CPU.ActiveCfg = Debug|Any CPU
		{B6D999B6-C2F6-42A6-842C-D5DFB9FDD266}.Debug|Any CPU.Build.0 = Debug|Any CPU
		{B6D999B6-C2F6-42A6-842C-D5DFB9FDD266}.Release|Any CPU.ActiveCfg = Release|Any CPU
		{B6D999B6-C2F6-42A6-842C-D5DFB9FDD266}.Release|Any CPU.Build.0 = Release|Any CPU
		{3D145F4C-E6E1-4483-94A2-E4A5695DB5D5}.Debug|Any CPU.ActiveCfg = Debug|Any CPU
		{3D145F4C-E6E1-4483-94A2-E4A5695DB5D5}.Debug|Any CPU.Build.0 = Debug|Any CPU
		{3D145F4C-E6E1-4483-94A2-E4A5695DB5D5}.Release|Any CPU.ActiveCfg = Release|Any CPU
		{3D145F4C-E6E1-4483-94A2-E4A5695DB5D5}.Release|Any CPU.Build.0 = Release|Any CPU
		{B49A56D1-31DA-4142-9F03-B73793E89A29}.Debug|Any CPU.ActiveCfg = Debug|Any CPU
		{B49A56D1-31DA-4142-9F03-B73793E89A29}.Debug|Any CPU.Build.0 = Debug|Any CPU
		{B49A56D1-31DA-4142-9F03-B73793E89A29}.Release|Any CPU.ActiveCfg = Release|Any CPU
		{B49A56D1-31DA-4142-9F03-B73793E89A29}.Release|Any CPU.Build.0 = Release|Any CPU
	EndGlobalSection
	GlobalSection(SolutionProperties) = preSolution
		HideSolutionNode = FALSE
	EndGlobalSection
	GlobalSection(NestedProjects) = preSolution
		{ACD49B80-D7C3-47F6-8A5F-E0DC0A4BE2A4} = {C101BCC4-76ED-4BF5-9C53-BE019972BB84}
		{9045F569-6FEF-43DC-AF74-8DBC8707BCC5} = {0732877E-5898-4081-97BF-6583ADDFEB6A}
		{D9E2B3F3-E2C8-4659-98F7-76852202316D} = {0732877E-5898-4081-97BF-6583ADDFEB6A}
		{C3557AAC-B79D-4433-8349-4E3D2106B9A9} = {C101BCC4-76ED-4BF5-9C53-BE019972BB84}
		{E2D8F9D2-856C-458C-AC7F-F469634C7CE2} = {C3557AAC-B79D-4433-8349-4E3D2106B9A9}
		{842D9378-A8E0-4EC9-8C24-840BBCC028B9} = {C3557AAC-B79D-4433-8349-4E3D2106B9A9}
		{C5C64268-C559-4228-B6D6-6D6B3CC0E1E4} = {6C3C7354-254A-4788-B5DC-9E36C37798F7}
		{42891EB7-35C1-441B-8678-0D4F918673FA} = {C5C64268-C559-4228-B6D6-6D6B3CC0E1E4}
		{C7F8A24C-9571-4FD3-B6D5-705C135CAA82} = {6C3C7354-254A-4788-B5DC-9E36C37798F7}
		{6917DFC6-34C3-43A7-883B-5592D62AA944} = {6C3C7354-254A-4788-B5DC-9E36C37798F7}
		{50CEEF1C-F721-4F84-B8B3-C9404BF58289} = {C3557AAC-B79D-4433-8349-4E3D2106B9A9}
		{586011BD-EE9B-4650-BC67-F1B165A8A103} = {C3557AAC-B79D-4433-8349-4E3D2106B9A9}
		{5C2A8251-C1E6-4081-B27F-6231F2DD0E62} = {C3557AAC-B79D-4433-8349-4E3D2106B9A9}
		{9324423B-6119-4ED8-84FC-09DF270D4300} = {C3557AAC-B79D-4433-8349-4E3D2106B9A9}
		{3C3310BA-1AC3-47A2-8A97-0DB0122AFFFE} = {C101BCC4-76ED-4BF5-9C53-BE019972BB84}
		{22EB6381-F1A2-44A3-ABD9-5B120259840C} = {0732877E-5898-4081-97BF-6583ADDFEB6A}
		{B90638EB-7BE6-4913-B2FA-8B73A1BD67EC} = {0732877E-5898-4081-97BF-6583ADDFEB6A}
		{9AD3CA7F-5D9C-431B-8007-00A335AB77B9} = {6C3C7354-254A-4788-B5DC-9E36C37798F7}
		{A08F4209-F1A6-4187-B990-DB8075473092} = {9AD3CA7F-5D9C-431B-8007-00A335AB77B9}
		{F709AD19-0FB3-4DA6-9DEF-1505C8C08134} = {0732877E-5898-4081-97BF-6583ADDFEB6A}
		{99E42AB7-C321-475C-80EB-593E16A919BE} = {C3557AAC-B79D-4433-8349-4E3D2106B9A9}
		{391B88DE-4736-4DB0-9D0B-134698894D9C} = {C3557AAC-B79D-4433-8349-4E3D2106B9A9}
		{A81837E3-282D-4162-BF47-97CF49A5C503} = {C101BCC4-76ED-4BF5-9C53-BE019972BB84}
		{85CC8E08-28F4-4F87-9652-43C6DED70CDE} = {C3557AAC-B79D-4433-8349-4E3D2106B9A9}
		{B49A56D1-31DA-4142-9F03-B73793E89A29} = {0732877E-5898-4081-97BF-6583ADDFEB6A}
	EndGlobalSection
	GlobalSection(ExtensibilityGlobals) = postSolution
		SolutionGuid = {54789FC2-24A6-4820-B310-FAF26BB9D94C}
	EndGlobalSection
EndGlobal
