
Microsoft Visual Studio Solution File, Format Version 12.00
# Visual Studio Version 17
VisualStudioVersion = 17.6.33815.320
MinimumVisualStudioVersion = 10.0.40219.1
Project("{2150E333-8FDC-42A3-9474-1A3956D46DE8}") = "Documents", "Documents", "{C101BCC4-76ED-4BF5-9C53-BE019972BB84}"
EndProject
Project("{2150E333-8FDC-42A3-9474-1A3956D46DE8}") = "Clients", "Clients", "{3B77D7F3-68BB-4459-9611-B82E2E5E39A1}"
EndProject
Project("{2150E333-8FDC-42A3-9474-1A3956D46DE8}") = "Application", "Application", "{6C3C7354-254A-4788-B5DC-9E36C37798F7}"
EndProject
Project("{2150E333-8FDC-42A3-9474-1A3956D46DE8}") = "Features", "Features", "{A5E56C64-118A-4ADB-9A7A-4D46C788B4DE}"
EndProject
Project("{2150E333-8FDC-42A3-9474-1A3956D46DE8}") = "Algorithms", "Algorithms", "{3318A837-08A1-4B19-B3FE-E410FE2E36CE}"
EndProject
Project("{9A19103F-16F7-4668-BE54-9A1E7A4F7556}") = "UniDocuments.Text.Domain", "Documents\UniDocuments.Text.Domain\UniDocuments.Text.Domain.csproj", "{ACD49B80-D7C3-47F6-8A5F-E0DC0A4BE2A4}"
EndProject
Project("{2150E333-8FDC-42A3-9474-1A3956D46DE8}") = "Infrastructure", "Infrastructure", "{EB71A5C5-745E-4914-882D-A2DAC139D23F}"
EndProject
Project("{9A19103F-16F7-4668-BE54-9A1E7A4F7556}") = "UniDocuments.Text.Math", "Documents\Infrastructure\UniDocuments.Text.Math\UniDocuments.Text.Math.csproj", "{D0EF8E16-6F28-4B4C-A663-0BD8BCD8B3B0}"
EndProject
Project("{9A19103F-16F7-4668-BE54-9A1E7A4F7556}") = "UniDocuments.Text.Algorithms", "Documents\Infrastructure\UniDocuments.Text.Algorithms\UniDocuments.Text.Algorithms.csproj", "{43668585-451E-43C0-9FB7-EF104BFC4488}"
EndProject
Project("{2150E333-8FDC-42A3-9474-1A3956D46DE8}") = "Cosine", "Cosine", "{5D7CAEFD-3BDC-43AE-93C1-3E0BADE1D96E}"
EndProject
Project("{9A19103F-16F7-4668-BE54-9A1E7A4F7556}") = "UniDocuments.Text.Plagiarism.Cosine.Algorithm", "Documents\Algorithms\Cosine\UniDocuments.Text.Plagiarism.Cosine.Algorithm\UniDocuments.Text.Plagiarism.Cosine.Algorithm.csproj", "{395E2440-3BF5-43E7-8991-082C3E7D0DE0}"
EndProject
Project("{2150E333-8FDC-42A3-9474-1A3956D46DE8}") = "TsSs", "TsSs", "{C14CD351-DD45-4E4D-8DA2-E270834E8941}"
EndProject
Project("{9A19103F-16F7-4668-BE54-9A1E7A4F7556}") = "UniDocuments.Text.Plagiarism.TsSs.Algorithm", "Documents\Algorithms\TsSs\UniDocuments.Text.Plagiarism.TsSs.Algorithm\UniDocuments.Text.Plagiarism.TsSs.Algorithm.csproj", "{3A42ECAD-EC21-4B5B-8298-CBB3E69B8D93}"
EndProject
Project("{2150E333-8FDC-42A3-9474-1A3956D46DE8}") = "Matching", "Matching", "{507C8BBD-4AF3-46F1-A0AC-2C05A61ED4CA}"
EndProject
Project("{9A19103F-16F7-4668-BE54-9A1E7A4F7556}") = "UniDocuments.Text.Plagiarism.Matching.Algorithm", "Documents\Algorithms\Matching\UniDocuments.Text.Plagiarism.Matching.Algorithm\UniDocuments.Text.Plagiarism.Matching.Algorithm.csproj", "{397CEE91-281C-46AC-B71C-A9CB34AB4AF5}"
EndProject
Project("{9A19103F-16F7-4668-BE54-9A1E7A4F7556}") = "UniDocuments.Text.Plagiarism.Cosine.Data", "Documents\Algorithms\Cosine\UniDocuments.Text.Plagiarism.Cosine.Data\UniDocuments.Text.Plagiarism.Cosine.Data.csproj", "{7C527CBE-155B-4B6C-8E83-0A7CC596D06A}"
EndProject
Project("{9A19103F-16F7-4668-BE54-9A1E7A4F7556}") = "UniDocuments.Text.Plagiarism.TsSs.Data", "Documents\Algorithms\TsSs\UniDocuments.Text.Plagiarism.TsSs.Data\UniDocuments.Text.Plagiarism.TsSs.Data.csproj", "{C8E98E38-F0B5-4DA3-9545-B4E36E7695A5}"
EndProject
Project("{9A19103F-16F7-4668-BE54-9A1E7A4F7556}") = "UniDocuments.Text.Plagiarism.Matching.Data", "Documents\Algorithms\Matching\UniDocuments.Text.Plagiarism.Matching.Data\UniDocuments.Text.Plagiarism.Matching.Data.csproj", "{17B00B46-0C5A-42B3-B2E2-BFA4D9B95DDE}"
EndProject
Project("{2150E333-8FDC-42A3-9474-1A3956D46DE8}") = "Api", "Api", "{64E32456-3D4A-42A3-A61F-EAF6D24B3EFB}"
EndProject
Project("{2150E333-8FDC-42A3-9474-1A3956D46DE8}") = "Text", "Text", "{FC2EAE81-7390-4F3A-9108-54DDD657EA23}"
EndProject
Project("{9A19103F-16F7-4668-BE54-9A1E7A4F7556}") = "UniDocuments.Text.Features.Text", "Documents\Features\Text\UniDocuments.Text.Features.Text\UniDocuments.Text.Features.Text.csproj", "{3114C8CB-FE22-4F58-9682-BAC015C03656}"
EndProject
Project("{2150E333-8FDC-42A3-9474-1A3956D46DE8}") = "Fingerprint", "Fingerprint", "{5C61E47E-506E-4B91-99F8-36E2040C750F}"
EndProject
Project("{9A19103F-16F7-4668-BE54-9A1E7A4F7556}") = "UniDocuments.Text.Features.Fingerprint", "Documents\Features\Fingerprint\UniDocuments.Text.Features.Fingerprint\UniDocuments.Text.Features.Fingerprint.csproj", "{FD4A69A8-67C5-4A60-B24C-C84B5D812B84}"
EndProject
Project("{2150E333-8FDC-42A3-9474-1A3956D46DE8}") = "TextVector", "TextVector", "{1E38EB06-5AF8-4A6A-BF1D-BD5BF18B1FAB}"
EndProject
Project("{9A19103F-16F7-4668-BE54-9A1E7A4F7556}") = "UniDocuments.Text.Features.TextVector", "Documents\Features\TextVector\UniDocuments.Text.Features.TextVector\UniDocuments.Text.Features.TextVector.csproj", "{4A835CF8-A35A-4E84-B343-97749A087CD6}"
EndProject
Project("{2150E333-8FDC-42A3-9474-1A3956D46DE8}") = "Nuget", "Nuget", "{0732877E-5898-4081-97BF-6583ADDFEB6A}"
EndProject
Project("{9A19103F-16F7-4668-BE54-9A1E7A4F7556}") = "PhlegmaticOne.OperationResults", "Nuget\PhlegmaticOne.OperationResults\PhlegmaticOne.OperationResults.csproj", "{9045F569-6FEF-43DC-AF74-8DBC8707BCC5}"
EndProject
Project("{9A19103F-16F7-4668-BE54-9A1E7A4F7556}") = "PhlegmaticOne.OperationResults.Mediatr", "Nuget\PhlegmaticOne.OperationResults.Mediatr\PhlegmaticOne.OperationResults.Mediatr.csproj", "{D9E2B3F3-E2C8-4659-98F7-76852202316D}"
EndProject
Project("{2150E333-8FDC-42A3-9474-1A3956D46DE8}") = "Services", "Services", "{C3557AAC-B79D-4433-8349-4E3D2106B9A9}"
EndProject
Project("{9A19103F-16F7-4668-BE54-9A1E7A4F7556}") = "UniDocuments.Text.Services.Preprocessing", "Documents\Services\UniDocuments.Text.Services.Preprocessing\UniDocuments.Text.Services.Preprocessing.csproj", "{E2D8F9D2-856C-458C-AC7F-F469634C7CE2}"
EndProject
Project("{9A19103F-16F7-4668-BE54-9A1E7A4F7556}") = "UniDocuments.Text.Services.StreamReading", "Documents\Services\UniDocuments.Text.Services.StreamReading\UniDocuments.Text.Services.StreamReading.csproj", "{842D9378-A8E0-4EC9-8C24-840BBCC028B9}"
EndProject
Project("{2150E333-8FDC-42A3-9474-1A3956D46DE8}") = "Programs", "Programs", "{D7108C9E-0D63-45EC-8EF5-618ED43D6EB6}"
EndProject
Project("{2150E333-8FDC-42A3-9474-1A3956D46DE8}") = "Data", "Data", "{C5C64268-C559-4228-B6D6-6D6B3CC0E1E4}"
EndProject
Project("{9A19103F-16F7-4668-BE54-9A1E7A4F7556}") = "UniDocuments.App.Api", "Programs\Api\UniDocuments.App.Api\UniDocuments.App.Api.csproj", "{31FDF573-A2CC-4819-9247-0B76491D3304}"
EndProject
Project("{9A19103F-16F7-4668-BE54-9A1E7A4F7556}") = "UniDocuments.App.Client.Console", "Programs\Clients\UniDocuments.App.Client.Console\UniDocuments.App.Client.Console.csproj", "{BDAFDB80-BBB4-42B0-8B9E-A36634DF63C0}"
EndProject
Project("{9A19103F-16F7-4668-BE54-9A1E7A4F7556}") = "UniDocuments.App.Data.EntityFramework", "Application\Data\UniDocuments.App.Data.EntityFramework\UniDocuments.App.Data.EntityFramework.csproj", "{42891EB7-35C1-441B-8678-0D4F918673FA}"
EndProject
Project("{9A19103F-16F7-4668-BE54-9A1E7A4F7556}") = "UniDocuments.App.Application", "Application\UniDocuments.App.Application\UniDocuments.App.Application.csproj", "{C7F8A24C-9571-4FD3-B6D5-705C135CAA82}"
EndProject
Project("{9A19103F-16F7-4668-BE54-9A1E7A4F7556}") = "UniDocuments.App.Domain", "Application\UniDocuments.App.Domain\UniDocuments.App.Domain.csproj", "{6917DFC6-34C3-43A7-883B-5592D62AA944}"
EndProject
Project("{9A19103F-16F7-4668-BE54-9A1E7A4F7556}") = "UniDocuments.Text.Features.Fingerprint.Services", "Documents\Features\Fingerprint\UniDocuments.Text.Features.Fingerprint.Services\UniDocuments.Text.Features.Fingerprint.Services.csproj", "{8080A449-9C81-4CD1-B776-3DEAD0866C9F}"
EndProject
Project("{9A19103F-16F7-4668-BE54-9A1E7A4F7556}") = "UniDocuments.Text.Services.Documents", "Documents\Services\UniDocuments.Text.Services.Documents\UniDocuments.Text.Services.Documents.csproj", "{50CEEF1C-F721-4F84-B8B3-C9404BF58289}"
EndProject
Project("{FAE04EC0-301F-11D3-BF4B-00C04F79EFBC}") = "UniDocuments.Text.Features.Text.Services", "Documents\Features\Text\UniDocuments.Text.Features.Text.Services\UniDocuments.Text.Features.Text.Services.csproj", "{D8F205D8-CCF2-4E88-BDE8-56E0E858C954}"
EndProject
Project("{FAE04EC0-301F-11D3-BF4B-00C04F79EFBC}") = "UniDocuments.Text.Services.Neural", "Documents\Services\UniDocuments.Text.Services.Neural\UniDocuments.Text.Services.Neural.csproj", "{586011BD-EE9B-4650-BC67-F1B165A8A103}"
EndProject
Project("{FAE04EC0-301F-11D3-BF4B-00C04F79EFBC}") = "UniDocuments.Text.Services.FileStorage", "Documents\Services\UniDocuments.Text.Services.FileStorage\UniDocuments.Text.Services.FileStorage.csproj", "{5C2A8251-C1E6-4081-B27F-6231F2DD0E62}"
EndProject
Project("{FAE04EC0-301F-11D3-BF4B-00C04F79EFBC}") = "UniDocuments.Text.Services.DocumentMapping", "Documents\Services\UniDocuments.Text.Services.DocumentMapping\UniDocuments.Text.Services.DocumentMapping.csproj", "{9324423B-6119-4ED8-84FC-09DF270D4300}"
EndProject
Project("{2150E333-8FDC-42A3-9474-1A3956D46DE8}") = "Providers", "Providers", "{EC951D49-BF44-47BE-AB0D-2149B118DA65}"
EndProject
Project("{FAE04EC0-301F-11D3-BF4B-00C04F79EFBC}") = "UniDocuments.Text.Providers.PlagiarismSearching", "Documents\Providers\UniDocuments.Text.Providers.PlagiarismSearching\UniDocuments.Text.Providers.PlagiarismSearching.csproj", "{8D9713F1-BF45-4379-9183-EE5099B01547}"
EndProject
Project("{FAE04EC0-301F-11D3-BF4B-00C04F79EFBC}") = "UniDocuments.Text.Providers.Similarity", "Documents\Providers\UniDocuments.Text.Providers.Similarity\UniDocuments.Text.Providers.Similarity.csproj", "{53C39B9B-2D59-4ED9-8F1D-9839B467EE7E}"
EndProject
Project("{FAE04EC0-301F-11D3-BF4B-00C04F79EFBC}") = "UniDocuments.Text.Root", "Documents\UniDocuments.Text.Root\UniDocuments.Text.Root.csproj", "{3C3310BA-1AC3-47A2-8A97-0DB0122AFFFE}"
EndProject
Project("{FAE04EC0-301F-11D3-BF4B-00C04F79EFBC}") = "UniDocuments.Text.Plagiarism.Matching.Services", "Documents\Algorithms\Matching\UniDocuments.Text.Plagiarism.Matching.Services\UniDocuments.Text.Plagiarism.Matching.Services.csproj", "{1CA621F6-540D-47D0-B477-DEFB774955FB}"
EndProject
Project("{FAE04EC0-301F-11D3-BF4B-00C04F79EFBC}") = "UniDocuments.App.Client.Web", "Programs\Clients\UniDocuments.App.Client.Web\UniDocuments.App.Client.Web.csproj", "{0322AAED-C1C7-42BE-8885-B15A8CB5C4C3}"
EndProject
Project("{2150E333-8FDC-42A3-9474-1A3956D46DE8}") = "Shared", "Shared", "{17BB378E-2F74-46F9-9AD5-3E27DA6C1088}"
EndProject
Project("{FAE04EC0-301F-11D3-BF4B-00C04F79EFBC}") = "UniDocuments.App.Shared", "Shared\UniDocuments.App.Shared\UniDocuments.App.Shared.csproj", "{BB0D4769-F768-44D7-9FE1-8B528C6527D3}"
EndProject
Project("{FAE04EC0-301F-11D3-BF4B-00C04F79EFBC}") = "PhlegmaticOne.PasswordHasher", "Nuget\PhlegmaticOne.PasswordHasher\PhlegmaticOne.PasswordHasher.csproj", "{22EB6381-F1A2-44A3-ABD9-5B120259840C}"
EndProject
Project("{FAE04EC0-301F-11D3-BF4B-00C04F79EFBC}") = "PhlegmaticOne.JwtTokensGeneration", "Nuget\PhlegmaticOne.JwtTokensGeneration\PhlegmaticOne.JwtTokensGeneration.csproj", "{B90638EB-7BE6-4913-B2FA-8B73A1BD67EC}"
EndProject
Project("{2150E333-8FDC-42A3-9474-1A3956D46DE8}") = "Services", "Services", "{9AD3CA7F-5D9C-431B-8007-00A335AB77B9}"
EndProject
Project("{FAE04EC0-301F-11D3-BF4B-00C04F79EFBC}") = "UniDocuments.App.Services", "Application\Services\UniDocuments.App.Services\UniDocuments.App.Services.csproj", "{A08F4209-F1A6-4187-B990-DB8075473092}"
EndProject
Project("{FAE04EC0-301F-11D3-BF4B-00C04F79EFBC}") = "PhlegmaticOne.PythonTasks", "Nuget\PhlegmaticOne.PythonTasks\PhlegmaticOne.PythonTasks.csproj", "{F709AD19-0FB3-4DA6-9DEF-1505C8C08134}"
EndProject
Global
	GlobalSection(SolutionConfigurationPlatforms) = preSolution
		Debug|Any CPU = Debug|Any CPU
		Release|Any CPU = Release|Any CPU
	EndGlobalSection
	GlobalSection(ProjectConfigurationPlatforms) = postSolution
		{ACD49B80-D7C3-47F6-8A5F-E0DC0A4BE2A4}.Debug|Any CPU.ActiveCfg = Debug|Any CPU
		{ACD49B80-D7C3-47F6-8A5F-E0DC0A4BE2A4}.Debug|Any CPU.Build.0 = Debug|Any CPU
		{ACD49B80-D7C3-47F6-8A5F-E0DC0A4BE2A4}.Release|Any CPU.ActiveCfg = Release|Any CPU
		{ACD49B80-D7C3-47F6-8A5F-E0DC0A4BE2A4}.Release|Any CPU.Build.0 = Release|Any CPU
		{D0EF8E16-6F28-4B4C-A663-0BD8BCD8B3B0}.Debug|Any CPU.ActiveCfg = Debug|Any CPU
		{D0EF8E16-6F28-4B4C-A663-0BD8BCD8B3B0}.Debug|Any CPU.Build.0 = Debug|Any CPU
		{D0EF8E16-6F28-4B4C-A663-0BD8BCD8B3B0}.Release|Any CPU.ActiveCfg = Release|Any CPU
		{D0EF8E16-6F28-4B4C-A663-0BD8BCD8B3B0}.Release|Any CPU.Build.0 = Release|Any CPU
		{43668585-451E-43C0-9FB7-EF104BFC4488}.Debug|Any CPU.ActiveCfg = Debug|Any CPU
		{43668585-451E-43C0-9FB7-EF104BFC4488}.Debug|Any CPU.Build.0 = Debug|Any CPU
		{43668585-451E-43C0-9FB7-EF104BFC4488}.Release|Any CPU.ActiveCfg = Release|Any CPU
		{43668585-451E-43C0-9FB7-EF104BFC4488}.Release|Any CPU.Build.0 = Release|Any CPU
		{395E2440-3BF5-43E7-8991-082C3E7D0DE0}.Debug|Any CPU.ActiveCfg = Debug|Any CPU
		{395E2440-3BF5-43E7-8991-082C3E7D0DE0}.Debug|Any CPU.Build.0 = Debug|Any CPU
		{395E2440-3BF5-43E7-8991-082C3E7D0DE0}.Release|Any CPU.ActiveCfg = Release|Any CPU
		{395E2440-3BF5-43E7-8991-082C3E7D0DE0}.Release|Any CPU.Build.0 = Release|Any CPU
		{3A42ECAD-EC21-4B5B-8298-CBB3E69B8D93}.Debug|Any CPU.ActiveCfg = Debug|Any CPU
		{3A42ECAD-EC21-4B5B-8298-CBB3E69B8D93}.Debug|Any CPU.Build.0 = Debug|Any CPU
		{3A42ECAD-EC21-4B5B-8298-CBB3E69B8D93}.Release|Any CPU.ActiveCfg = Release|Any CPU
		{3A42ECAD-EC21-4B5B-8298-CBB3E69B8D93}.Release|Any CPU.Build.0 = Release|Any CPU
		{397CEE91-281C-46AC-B71C-A9CB34AB4AF5}.Debug|Any CPU.ActiveCfg = Debug|Any CPU
		{397CEE91-281C-46AC-B71C-A9CB34AB4AF5}.Debug|Any CPU.Build.0 = Debug|Any CPU
		{397CEE91-281C-46AC-B71C-A9CB34AB4AF5}.Release|Any CPU.ActiveCfg = Release|Any CPU
		{397CEE91-281C-46AC-B71C-A9CB34AB4AF5}.Release|Any CPU.Build.0 = Release|Any CPU
		{7C527CBE-155B-4B6C-8E83-0A7CC596D06A}.Debug|Any CPU.ActiveCfg = Debug|Any CPU
		{7C527CBE-155B-4B6C-8E83-0A7CC596D06A}.Debug|Any CPU.Build.0 = Debug|Any CPU
		{7C527CBE-155B-4B6C-8E83-0A7CC596D06A}.Release|Any CPU.ActiveCfg = Release|Any CPU
		{7C527CBE-155B-4B6C-8E83-0A7CC596D06A}.Release|Any CPU.Build.0 = Release|Any CPU
		{C8E98E38-F0B5-4DA3-9545-B4E36E7695A5}.Debug|Any CPU.ActiveCfg = Debug|Any CPU
		{C8E98E38-F0B5-4DA3-9545-B4E36E7695A5}.Debug|Any CPU.Build.0 = Debug|Any CPU
		{C8E98E38-F0B5-4DA3-9545-B4E36E7695A5}.Release|Any CPU.ActiveCfg = Release|Any CPU
		{C8E98E38-F0B5-4DA3-9545-B4E36E7695A5}.Release|Any CPU.Build.0 = Release|Any CPU
		{17B00B46-0C5A-42B3-B2E2-BFA4D9B95DDE}.Debug|Any CPU.ActiveCfg = Debug|Any CPU
		{17B00B46-0C5A-42B3-B2E2-BFA4D9B95DDE}.Debug|Any CPU.Build.0 = Debug|Any CPU
		{17B00B46-0C5A-42B3-B2E2-BFA4D9B95DDE}.Release|Any CPU.ActiveCfg = Release|Any CPU
		{17B00B46-0C5A-42B3-B2E2-BFA4D9B95DDE}.Release|Any CPU.Build.0 = Release|Any CPU
		{3114C8CB-FE22-4F58-9682-BAC015C03656}.Debug|Any CPU.ActiveCfg = Debug|Any CPU
		{3114C8CB-FE22-4F58-9682-BAC015C03656}.Debug|Any CPU.Build.0 = Debug|Any CPU
		{3114C8CB-FE22-4F58-9682-BAC015C03656}.Release|Any CPU.ActiveCfg = Release|Any CPU
		{3114C8CB-FE22-4F58-9682-BAC015C03656}.Release|Any CPU.Build.0 = Release|Any CPU
		{FD4A69A8-67C5-4A60-B24C-C84B5D812B84}.Debug|Any CPU.ActiveCfg = Debug|Any CPU
		{FD4A69A8-67C5-4A60-B24C-C84B5D812B84}.Debug|Any CPU.Build.0 = Debug|Any CPU
		{FD4A69A8-67C5-4A60-B24C-C84B5D812B84}.Release|Any CPU.ActiveCfg = Release|Any CPU
		{FD4A69A8-67C5-4A60-B24C-C84B5D812B84}.Release|Any CPU.Build.0 = Release|Any CPU
		{4A835CF8-A35A-4E84-B343-97749A087CD6}.Debug|Any CPU.ActiveCfg = Debug|Any CPU
		{4A835CF8-A35A-4E84-B343-97749A087CD6}.Debug|Any CPU.Build.0 = Debug|Any CPU
		{4A835CF8-A35A-4E84-B343-97749A087CD6}.Release|Any CPU.ActiveCfg = Release|Any CPU
		{4A835CF8-A35A-4E84-B343-97749A087CD6}.Release|Any CPU.Build.0 = Release|Any CPU
		{9045F569-6FEF-43DC-AF74-8DBC8707BCC5}.Debug|Any CPU.ActiveCfg = Debug|Any CPU
		{9045F569-6FEF-43DC-AF74-8DBC8707BCC5}.Debug|Any CPU.Build.0 = Debug|Any CPU
		{9045F569-6FEF-43DC-AF74-8DBC8707BCC5}.Release|Any CPU.ActiveCfg = Release|Any CPU
		{9045F569-6FEF-43DC-AF74-8DBC8707BCC5}.Release|Any CPU.Build.0 = Release|Any CPU
		{D9E2B3F3-E2C8-4659-98F7-76852202316D}.Debug|Any CPU.ActiveCfg = Debug|Any CPU
		{D9E2B3F3-E2C8-4659-98F7-76852202316D}.Debug|Any CPU.Build.0 = Debug|Any CPU
		{D9E2B3F3-E2C8-4659-98F7-76852202316D}.Release|Any CPU.ActiveCfg = Release|Any CPU
		{D9E2B3F3-E2C8-4659-98F7-76852202316D}.Release|Any CPU.Build.0 = Release|Any CPU
		{E2D8F9D2-856C-458C-AC7F-F469634C7CE2}.Debug|Any CPU.ActiveCfg = Debug|Any CPU
		{E2D8F9D2-856C-458C-AC7F-F469634C7CE2}.Debug|Any CPU.Build.0 = Debug|Any CPU
		{E2D8F9D2-856C-458C-AC7F-F469634C7CE2}.Release|Any CPU.ActiveCfg = Release|Any CPU
		{E2D8F9D2-856C-458C-AC7F-F469634C7CE2}.Release|Any CPU.Build.0 = Release|Any CPU
		{842D9378-A8E0-4EC9-8C24-840BBCC028B9}.Debug|Any CPU.ActiveCfg = Debug|Any CPU
		{842D9378-A8E0-4EC9-8C24-840BBCC028B9}.Debug|Any CPU.Build.0 = Debug|Any CPU
		{842D9378-A8E0-4EC9-8C24-840BBCC028B9}.Release|Any CPU.ActiveCfg = Release|Any CPU
		{842D9378-A8E0-4EC9-8C24-840BBCC028B9}.Release|Any CPU.Build.0 = Release|Any CPU
		{31FDF573-A2CC-4819-9247-0B76491D3304}.Debug|Any CPU.ActiveCfg = Debug|Any CPU
		{31FDF573-A2CC-4819-9247-0B76491D3304}.Debug|Any CPU.Build.0 = Debug|Any CPU
		{31FDF573-A2CC-4819-9247-0B76491D3304}.Release|Any CPU.ActiveCfg = Release|Any CPU
		{31FDF573-A2CC-4819-9247-0B76491D3304}.Release|Any CPU.Build.0 = Release|Any CPU
		{BDAFDB80-BBB4-42B0-8B9E-A36634DF63C0}.Debug|Any CPU.ActiveCfg = Debug|Any CPU
		{BDAFDB80-BBB4-42B0-8B9E-A36634DF63C0}.Debug|Any CPU.Build.0 = Debug|Any CPU
		{BDAFDB80-BBB4-42B0-8B9E-A36634DF63C0}.Release|Any CPU.ActiveCfg = Release|Any CPU
		{BDAFDB80-BBB4-42B0-8B9E-A36634DF63C0}.Release|Any CPU.Build.0 = Release|Any CPU
		{42891EB7-35C1-441B-8678-0D4F918673FA}.Debug|Any CPU.ActiveCfg = Debug|Any CPU
		{42891EB7-35C1-441B-8678-0D4F918673FA}.Debug|Any CPU.Build.0 = Debug|Any CPU
		{42891EB7-35C1-441B-8678-0D4F918673FA}.Release|Any CPU.ActiveCfg = Release|Any CPU
		{42891EB7-35C1-441B-8678-0D4F918673FA}.Release|Any CPU.Build.0 = Release|Any CPU
		{C7F8A24C-9571-4FD3-B6D5-705C135CAA82}.Debug|Any CPU.ActiveCfg = Debug|Any CPU
		{C7F8A24C-9571-4FD3-B6D5-705C135CAA82}.Debug|Any CPU.Build.0 = Debug|Any CPU
		{C7F8A24C-9571-4FD3-B6D5-705C135CAA82}.Release|Any CPU.ActiveCfg = Release|Any CPU
		{C7F8A24C-9571-4FD3-B6D5-705C135CAA82}.Release|Any CPU.Build.0 = Release|Any CPU
		{6917DFC6-34C3-43A7-883B-5592D62AA944}.Debug|Any CPU.ActiveCfg = Debug|Any CPU
		{6917DFC6-34C3-43A7-883B-5592D62AA944}.Debug|Any CPU.Build.0 = Debug|Any CPU
		{6917DFC6-34C3-43A7-883B-5592D62AA944}.Release|Any CPU.ActiveCfg = Release|Any CPU
		{6917DFC6-34C3-43A7-883B-5592D62AA944}.Release|Any CPU.Build.0 = Release|Any CPU
		{8080A449-9C81-4CD1-B776-3DEAD0866C9F}.Debug|Any CPU.ActiveCfg = Debug|Any CPU
		{8080A449-9C81-4CD1-B776-3DEAD0866C9F}.Debug|Any CPU.Build.0 = Debug|Any CPU
		{8080A449-9C81-4CD1-B776-3DEAD0866C9F}.Release|Any CPU.ActiveCfg = Release|Any CPU
		{8080A449-9C81-4CD1-B776-3DEAD0866C9F}.Release|Any CPU.Build.0 = Release|Any CPU
		{50CEEF1C-F721-4F84-B8B3-C9404BF58289}.Debug|Any CPU.ActiveCfg = Debug|Any CPU
		{50CEEF1C-F721-4F84-B8B3-C9404BF58289}.Debug|Any CPU.Build.0 = Debug|Any CPU
		{50CEEF1C-F721-4F84-B8B3-C9404BF58289}.Release|Any CPU.ActiveCfg = Release|Any CPU
		{50CEEF1C-F721-4F84-B8B3-C9404BF58289}.Release|Any CPU.Build.0 = Release|Any CPU
		{D8F205D8-CCF2-4E88-BDE8-56E0E858C954}.Debug|Any CPU.ActiveCfg = Debug|Any CPU
		{D8F205D8-CCF2-4E88-BDE8-56E0E858C954}.Debug|Any CPU.Build.0 = Debug|Any CPU
		{D8F205D8-CCF2-4E88-BDE8-56E0E858C954}.Release|Any CPU.ActiveCfg = Release|Any CPU
		{D8F205D8-CCF2-4E88-BDE8-56E0E858C954}.Release|Any CPU.Build.0 = Release|Any CPU
		{586011BD-EE9B-4650-BC67-F1B165A8A103}.Debug|Any CPU.ActiveCfg = Debug|Any CPU
		{586011BD-EE9B-4650-BC67-F1B165A8A103}.Debug|Any CPU.Build.0 = Debug|Any CPU
		{586011BD-EE9B-4650-BC67-F1B165A8A103}.Release|Any CPU.ActiveCfg = Release|Any CPU
		{586011BD-EE9B-4650-BC67-F1B165A8A103}.Release|Any CPU.Build.0 = Release|Any CPU
		{5C2A8251-C1E6-4081-B27F-6231F2DD0E62}.Debug|Any CPU.ActiveCfg = Debug|Any CPU
		{5C2A8251-C1E6-4081-B27F-6231F2DD0E62}.Debug|Any CPU.Build.0 = Debug|Any CPU
		{5C2A8251-C1E6-4081-B27F-6231F2DD0E62}.Release|Any CPU.ActiveCfg = Release|Any CPU
		{5C2A8251-C1E6-4081-B27F-6231F2DD0E62}.Release|Any CPU.Build.0 = Release|Any CPU
		{9324423B-6119-4ED8-84FC-09DF270D4300}.Debug|Any CPU.ActiveCfg = Debug|Any CPU
		{9324423B-6119-4ED8-84FC-09DF270D4300}.Debug|Any CPU.Build.0 = Debug|Any CPU
		{9324423B-6119-4ED8-84FC-09DF270D4300}.Release|Any CPU.ActiveCfg = Release|Any CPU
		{9324423B-6119-4ED8-84FC-09DF270D4300}.Release|Any CPU.Build.0 = Release|Any CPU
		{8D9713F1-BF45-4379-9183-EE5099B01547}.Debug|Any CPU.ActiveCfg = Debug|Any CPU
		{8D9713F1-BF45-4379-9183-EE5099B01547}.Debug|Any CPU.Build.0 = Debug|Any CPU
		{8D9713F1-BF45-4379-9183-EE5099B01547}.Release|Any CPU.ActiveCfg = Release|Any CPU
		{8D9713F1-BF45-4379-9183-EE5099B01547}.Release|Any CPU.Build.0 = Release|Any CPU
		{53C39B9B-2D59-4ED9-8F1D-9839B467EE7E}.Debug|Any CPU.ActiveCfg = Debug|Any CPU
		{53C39B9B-2D59-4ED9-8F1D-9839B467EE7E}.Debug|Any CPU.Build.0 = Debug|Any CPU
		{53C39B9B-2D59-4ED9-8F1D-9839B467EE7E}.Release|Any CPU.ActiveCfg = Release|Any CPU
		{53C39B9B-2D59-4ED9-8F1D-9839B467EE7E}.Release|Any CPU.Build.0 = Release|Any CPU
		{3C3310BA-1AC3-47A2-8A97-0DB0122AFFFE}.Debug|Any CPU.ActiveCfg = Debug|Any CPU
		{3C3310BA-1AC3-47A2-8A97-0DB0122AFFFE}.Debug|Any CPU.Build.0 = Debug|Any CPU
		{3C3310BA-1AC3-47A2-8A97-0DB0122AFFFE}.Release|Any CPU.ActiveCfg = Release|Any CPU
		{3C3310BA-1AC3-47A2-8A97-0DB0122AFFFE}.Release|Any CPU.Build.0 = Release|Any CPU
		{1CA621F6-540D-47D0-B477-DEFB774955FB}.Debug|Any CPU.ActiveCfg = Debug|Any CPU
		{1CA621F6-540D-47D0-B477-DEFB774955FB}.Debug|Any CPU.Build.0 = Debug|Any CPU
		{1CA621F6-540D-47D0-B477-DEFB774955FB}.Release|Any CPU.ActiveCfg = Release|Any CPU
		{1CA621F6-540D-47D0-B477-DEFB774955FB}.Release|Any CPU.Build.0 = Release|Any CPU
		{0322AAED-C1C7-42BE-8885-B15A8CB5C4C3}.Debug|Any CPU.ActiveCfg = Debug|Any CPU
		{0322AAED-C1C7-42BE-8885-B15A8CB5C4C3}.Debug|Any CPU.Build.0 = Debug|Any CPU
		{0322AAED-C1C7-42BE-8885-B15A8CB5C4C3}.Release|Any CPU.ActiveCfg = Release|Any CPU
		{0322AAED-C1C7-42BE-8885-B15A8CB5C4C3}.Release|Any CPU.Build.0 = Release|Any CPU
		{BB0D4769-F768-44D7-9FE1-8B528C6527D3}.Debug|Any CPU.ActiveCfg = Debug|Any CPU
		{BB0D4769-F768-44D7-9FE1-8B528C6527D3}.Debug|Any CPU.Build.0 = Debug|Any CPU
		{BB0D4769-F768-44D7-9FE1-8B528C6527D3}.Release|Any CPU.ActiveCfg = Release|Any CPU
		{BB0D4769-F768-44D7-9FE1-8B528C6527D3}.Release|Any CPU.Build.0 = Release|Any CPU
		{22EB6381-F1A2-44A3-ABD9-5B120259840C}.Debug|Any CPU.ActiveCfg = Debug|Any CPU
		{22EB6381-F1A2-44A3-ABD9-5B120259840C}.Debug|Any CPU.Build.0 = Debug|Any CPU
		{22EB6381-F1A2-44A3-ABD9-5B120259840C}.Release|Any CPU.ActiveCfg = Release|Any CPU
		{22EB6381-F1A2-44A3-ABD9-5B120259840C}.Release|Any CPU.Build.0 = Release|Any CPU
		{B90638EB-7BE6-4913-B2FA-8B73A1BD67EC}.Debug|Any CPU.ActiveCfg = Debug|Any CPU
		{B90638EB-7BE6-4913-B2FA-8B73A1BD67EC}.Debug|Any CPU.Build.0 = Debug|Any CPU
		{B90638EB-7BE6-4913-B2FA-8B73A1BD67EC}.Release|Any CPU.ActiveCfg = Release|Any CPU
		{B90638EB-7BE6-4913-B2FA-8B73A1BD67EC}.Release|Any CPU.Build.0 = Release|Any CPU
		{A08F4209-F1A6-4187-B990-DB8075473092}.Debug|Any CPU.ActiveCfg = Debug|Any CPU
		{A08F4209-F1A6-4187-B990-DB8075473092}.Debug|Any CPU.Build.0 = Debug|Any CPU
		{A08F4209-F1A6-4187-B990-DB8075473092}.Release|Any CPU.ActiveCfg = Release|Any CPU
		{A08F4209-F1A6-4187-B990-DB8075473092}.Release|Any CPU.Build.0 = Release|Any CPU
		{F709AD19-0FB3-4DA6-9DEF-1505C8C08134}.Debug|Any CPU.ActiveCfg = Debug|Any CPU
		{F709AD19-0FB3-4DA6-9DEF-1505C8C08134}.Debug|Any CPU.Build.0 = Debug|Any CPU
		{F709AD19-0FB3-4DA6-9DEF-1505C8C08134}.Release|Any CPU.ActiveCfg = Release|Any CPU
		{F709AD19-0FB3-4DA6-9DEF-1505C8C08134}.Release|Any CPU.Build.0 = Release|Any CPU
	EndGlobalSection
	GlobalSection(SolutionProperties) = preSolution
		HideSolutionNode = FALSE
	EndGlobalSection
	GlobalSection(NestedProjects) = preSolution
		{3B77D7F3-68BB-4459-9611-B82E2E5E39A1} = {D7108C9E-0D63-45EC-8EF5-618ED43D6EB6}
		{A5E56C64-118A-4ADB-9A7A-4D46C788B4DE} = {C101BCC4-76ED-4BF5-9C53-BE019972BB84}
		{3318A837-08A1-4B19-B3FE-E410FE2E36CE} = {C101BCC4-76ED-4BF5-9C53-BE019972BB84}
		{ACD49B80-D7C3-47F6-8A5F-E0DC0A4BE2A4} = {C101BCC4-76ED-4BF5-9C53-BE019972BB84}
		{EB71A5C5-745E-4914-882D-A2DAC139D23F} = {C101BCC4-76ED-4BF5-9C53-BE019972BB84}
		{D0EF8E16-6F28-4B4C-A663-0BD8BCD8B3B0} = {EB71A5C5-745E-4914-882D-A2DAC139D23F}
		{43668585-451E-43C0-9FB7-EF104BFC4488} = {EB71A5C5-745E-4914-882D-A2DAC139D23F}
		{5D7CAEFD-3BDC-43AE-93C1-3E0BADE1D96E} = {3318A837-08A1-4B19-B3FE-E410FE2E36CE}
		{395E2440-3BF5-43E7-8991-082C3E7D0DE0} = {5D7CAEFD-3BDC-43AE-93C1-3E0BADE1D96E}
		{C14CD351-DD45-4E4D-8DA2-E270834E8941} = {3318A837-08A1-4B19-B3FE-E410FE2E36CE}
		{3A42ECAD-EC21-4B5B-8298-CBB3E69B8D93} = {C14CD351-DD45-4E4D-8DA2-E270834E8941}
		{507C8BBD-4AF3-46F1-A0AC-2C05A61ED4CA} = {3318A837-08A1-4B19-B3FE-E410FE2E36CE}
		{397CEE91-281C-46AC-B71C-A9CB34AB4AF5} = {507C8BBD-4AF3-46F1-A0AC-2C05A61ED4CA}
		{7C527CBE-155B-4B6C-8E83-0A7CC596D06A} = {5D7CAEFD-3BDC-43AE-93C1-3E0BADE1D96E}
		{C8E98E38-F0B5-4DA3-9545-B4E36E7695A5} = {C14CD351-DD45-4E4D-8DA2-E270834E8941}
		{17B00B46-0C5A-42B3-B2E2-BFA4D9B95DDE} = {507C8BBD-4AF3-46F1-A0AC-2C05A61ED4CA}
		{64E32456-3D4A-42A3-A61F-EAF6D24B3EFB} = {D7108C9E-0D63-45EC-8EF5-618ED43D6EB6}
		{FC2EAE81-7390-4F3A-9108-54DDD657EA23} = {A5E56C64-118A-4ADB-9A7A-4D46C788B4DE}
		{3114C8CB-FE22-4F58-9682-BAC015C03656} = {FC2EAE81-7390-4F3A-9108-54DDD657EA23}
		{5C61E47E-506E-4B91-99F8-36E2040C750F} = {A5E56C64-118A-4ADB-9A7A-4D46C788B4DE}
		{FD4A69A8-67C5-4A60-B24C-C84B5D812B84} = {5C61E47E-506E-4B91-99F8-36E2040C750F}
		{1E38EB06-5AF8-4A6A-BF1D-BD5BF18B1FAB} = {A5E56C64-118A-4ADB-9A7A-4D46C788B4DE}
		{4A835CF8-A35A-4E84-B343-97749A087CD6} = {1E38EB06-5AF8-4A6A-BF1D-BD5BF18B1FAB}
		{9045F569-6FEF-43DC-AF74-8DBC8707BCC5} = {0732877E-5898-4081-97BF-6583ADDFEB6A}
		{D9E2B3F3-E2C8-4659-98F7-76852202316D} = {0732877E-5898-4081-97BF-6583ADDFEB6A}
		{C3557AAC-B79D-4433-8349-4E3D2106B9A9} = {C101BCC4-76ED-4BF5-9C53-BE019972BB84}
		{E2D8F9D2-856C-458C-AC7F-F469634C7CE2} = {C3557AAC-B79D-4433-8349-4E3D2106B9A9}
		{842D9378-A8E0-4EC9-8C24-840BBCC028B9} = {C3557AAC-B79D-4433-8349-4E3D2106B9A9}
		{C5C64268-C559-4228-B6D6-6D6B3CC0E1E4} = {6C3C7354-254A-4788-B5DC-9E36C37798F7}
		{31FDF573-A2CC-4819-9247-0B76491D3304} = {64E32456-3D4A-42A3-A61F-EAF6D24B3EFB}
		{BDAFDB80-BBB4-42B0-8B9E-A36634DF63C0} = {3B77D7F3-68BB-4459-9611-B82E2E5E39A1}
		{42891EB7-35C1-441B-8678-0D4F918673FA} = {C5C64268-C559-4228-B6D6-6D6B3CC0E1E4}
		{C7F8A24C-9571-4FD3-B6D5-705C135CAA82} = {6C3C7354-254A-4788-B5DC-9E36C37798F7}
		{6917DFC6-34C3-43A7-883B-5592D62AA944} = {6C3C7354-254A-4788-B5DC-9E36C37798F7}
		{8080A449-9C81-4CD1-B776-3DEAD0866C9F} = {5C61E47E-506E-4B91-99F8-36E2040C750F}
		{50CEEF1C-F721-4F84-B8B3-C9404BF58289} = {C3557AAC-B79D-4433-8349-4E3D2106B9A9}
		{D8F205D8-CCF2-4E88-BDE8-56E0E858C954} = {FC2EAE81-7390-4F3A-9108-54DDD657EA23}
		{586011BD-EE9B-4650-BC67-F1B165A8A103} = {C3557AAC-B79D-4433-8349-4E3D2106B9A9}
		{5C2A8251-C1E6-4081-B27F-6231F2DD0E62} = {C3557AAC-B79D-4433-8349-4E3D2106B9A9}
		{9324423B-6119-4ED8-84FC-09DF270D4300} = {C3557AAC-B79D-4433-8349-4E3D2106B9A9}
		{EC951D49-BF44-47BE-AB0D-2149B118DA65} = {C101BCC4-76ED-4BF5-9C53-BE019972BB84}
		{8D9713F1-BF45-4379-9183-EE5099B01547} = {EC951D49-BF44-47BE-AB0D-2149B118DA65}
		{53C39B9B-2D59-4ED9-8F1D-9839B467EE7E} = {EC951D49-BF44-47BE-AB0D-2149B118DA65}
		{3C3310BA-1AC3-47A2-8A97-0DB0122AFFFE} = {C101BCC4-76ED-4BF5-9C53-BE019972BB84}
		{1CA621F6-540D-47D0-B477-DEFB774955FB} = {507C8BBD-4AF3-46F1-A0AC-2C05A61ED4CA}
		{0322AAED-C1C7-42BE-8885-B15A8CB5C4C3} = {3B77D7F3-68BB-4459-9611-B82E2E5E39A1}
		{BB0D4769-F768-44D7-9FE1-8B528C6527D3} = {17BB378E-2F74-46F9-9AD5-3E27DA6C1088}
		{22EB6381-F1A2-44A3-ABD9-5B120259840C} = {0732877E-5898-4081-97BF-6583ADDFEB6A}
		{B90638EB-7BE6-4913-B2FA-8B73A1BD67EC} = {0732877E-5898-4081-97BF-6583ADDFEB6A}
		{9AD3CA7F-5D9C-431B-8007-00A335AB77B9} = {6C3C7354-254A-4788-B5DC-9E36C37798F7}
		{A08F4209-F1A6-4187-B990-DB8075473092} = {9AD3CA7F-5D9C-431B-8007-00A335AB77B9}
		{F709AD19-0FB3-4DA6-9DEF-1505C8C08134} = {0732877E-5898-4081-97BF-6583ADDFEB6A}
	EndGlobalSection
	GlobalSection(ExtensibilityGlobals) = postSolution
		SolutionGuid = {54789FC2-24A6-4820-B310-FAF26BB9D94C}
	EndGlobalSection
EndGlobal
