
Microsoft Visual Studio Solution File, Format Version 12.00
# Visual Studio Version 17
VisualStudioVersion = 17.6.33815.320
MinimumVisualStudioVersion = 10.0.40219.1
Project("{2150E333-8FDC-42A3-9474-1A3956D46DE8}") = "Documents", "Documents", "{C101BCC4-76ED-4BF5-9C53-BE019972BB84}"
EndProject
Project("{2150E333-8FDC-42A3-9474-1A3956D46DE8}") = "Clients", "Clients", "{3B77D7F3-68BB-4459-9611-B82E2E5E39A1}"
EndProject
Project("{2150E333-8FDC-42A3-9474-1A3956D46DE8}") = "Domain", "Domain", "{6C3C7354-254A-4788-B5DC-9E36C37798F7}"
EndProject
Project("{2150E333-8FDC-42A3-9474-1A3956D46DE8}") = "Features", "Features", "{A5E56C64-118A-4ADB-9A7A-4D46C788B4DE}"
EndProject
Project("{2150E333-8FDC-42A3-9474-1A3956D46DE8}") = "Algorithms", "Algorithms", "{3318A837-08A1-4B19-B3FE-E410FE2E36CE}"
EndProject
Project("{9A19103F-16F7-4668-BE54-9A1E7A4F7556}") = "UniDocuments.App.Data.EntityFramework", "Domain\UniDocuments.App.Data.EntityFramework\UniDocuments.App.Data.EntityFramework.csproj", "{2BD50DAD-5EEF-498D-8BA9-F0A9EB291863}"
EndProject
Project("{9A19103F-16F7-4668-BE54-9A1E7A4F7556}") = "UniDocuments.App.Data.FileStorage", "Domain\UniDocuments.App.Data.FileStorage\UniDocuments.App.Data.FileStorage.csproj", "{DF2B32C3-44D5-45DF-946D-47743BD3C27A}"
EndProject
Project("{9A19103F-16F7-4668-BE54-9A1E7A4F7556}") = "UniDocuments.App.Domain", "Domain\UniDocuments.App.Domain\UniDocuments.App.Domain.csproj", "{80AAE361-33AC-4312-AC3B-B1F1389E74D0}"
EndProject
Project("{9A19103F-16F7-4668-BE54-9A1E7A4F7556}") = "UniDocuments.Text.Core", "Documents\UniDocuments.Text.Core\UniDocuments.Text.Core.csproj", "{ACD49B80-D7C3-47F6-8A5F-E0DC0A4BE2A4}"
EndProject
Project("{9A19103F-16F7-4668-BE54-9A1E7A4F7556}") = "UniDocuments.App.Client.Console", "Clients\UniDocuments.App.Client.Console\UniDocuments.App.Client.Console.csproj", "{91DBC1AA-43E7-4F6D-8D22-2CA58C10D1D5}"
EndProject
Project("{9A19103F-16F7-4668-BE54-9A1E7A4F7556}") = "UniDocuments.Text.Processing", "Documents\Infrastructure\UniDocuments.Text.Processing\UniDocuments.Text.Processing.csproj", "{58E6C525-F5B3-4AA6-AB4B-917D18226AF3}"
EndProject
Project("{2150E333-8FDC-42A3-9474-1A3956D46DE8}") = "Infrastructure", "Infrastructure", "{EB71A5C5-745E-4914-882D-A2DAC139D23F}"
EndProject
Project("{FAE04EC0-301F-11D3-BF4B-00C04F79EFBC}") = "UniDocuments.Text.Math", "Documents\Infrastructure\UniDocuments.Text.Math\UniDocuments.Text.Math.csproj", "{D0EF8E16-6F28-4B4C-A663-0BD8BCD8B3B0}"
EndProject
Project("{FAE04EC0-301F-11D3-BF4B-00C04F79EFBC}") = "UniDocuments.Text.Algorithms", "Documents\Infrastructure\UniDocuments.Text.Algorithms\UniDocuments.Text.Algorithms.csproj", "{43668585-451E-43C0-9FB7-EF104BFC4488}"
EndProject
Project("{2150E333-8FDC-42A3-9474-1A3956D46DE8}") = "Cosine", "Cosine", "{5D7CAEFD-3BDC-43AE-93C1-3E0BADE1D96E}"
EndProject
Project("{FAE04EC0-301F-11D3-BF4B-00C04F79EFBC}") = "UniDocuments.Text.Plagiarism.Cosine.Algorithm", "Documents\Algorithms\Cosine\UniDocuments.Text.Plagiarism.Cosine.Algorithm\UniDocuments.Text.Plagiarism.Cosine.Algorithm.csproj", "{395E2440-3BF5-43E7-8991-082C3E7D0DE0}"
EndProject
Project("{2150E333-8FDC-42A3-9474-1A3956D46DE8}") = "TsSs", "TsSs", "{C14CD351-DD45-4E4D-8DA2-E270834E8941}"
EndProject
Project("{FAE04EC0-301F-11D3-BF4B-00C04F79EFBC}") = "UniDocuments.Text.Plagiarism.TsSs.Algorithm", "Documents\Algorithms\TsSs\UniDocuments.Text.Plagiarism.TsSs.Algorithm\UniDocuments.Text.Plagiarism.TsSs.Algorithm.csproj", "{3A42ECAD-EC21-4B5B-8298-CBB3E69B8D93}"
EndProject
Project("{2150E333-8FDC-42A3-9474-1A3956D46DE8}") = "Matching", "Matching", "{507C8BBD-4AF3-46F1-A0AC-2C05A61ED4CA}"
EndProject
Project("{FAE04EC0-301F-11D3-BF4B-00C04F79EFBC}") = "UniDocuments.Text.Plagiarism.Matching.Algorithm", "Documents\Algorithms\Matching\UniDocuments.Text.Plagiarism.Matching.Algorithm\UniDocuments.Text.Plagiarism.Matching.Algorithm.csproj", "{397CEE91-281C-46AC-B71C-A9CB34AB4AF5}"
EndProject
Project("{FAE04EC0-301F-11D3-BF4B-00C04F79EFBC}") = "UniDocuments.Text.Plagiarism.Cosine.Data", "Documents\Algorithms\Cosine\UniDocuments.Text.Plagiarism.Cosine.Data\UniDocuments.Text.Plagiarism.Cosine.Data.csproj", "{7C527CBE-155B-4B6C-8E83-0A7CC596D06A}"
EndProject
Project("{FAE04EC0-301F-11D3-BF4B-00C04F79EFBC}") = "UniDocuments.Text.Plagiarism.TsSs.Data", "Documents\Algorithms\TsSs\UniDocuments.Text.Plagiarism.TsSs.Data\UniDocuments.Text.Plagiarism.TsSs.Data.csproj", "{C8E98E38-F0B5-4DA3-9545-B4E36E7695A5}"
EndProject
Project("{FAE04EC0-301F-11D3-BF4B-00C04F79EFBC}") = "UniDocuments.Text.Plagiarism.Matching.Data", "Documents\Algorithms\Matching\UniDocuments.Text.Plagiarism.Matching.Data\UniDocuments.Text.Plagiarism.Matching.Data.csproj", "{17B00B46-0C5A-42B3-B2E2-BFA4D9B95DDE}"
EndProject
Project("{2150E333-8FDC-42A3-9474-1A3956D46DE8}") = "Winnowing", "Winnowing", "{3D45F957-C3B2-4C89-91FA-C5344BCFC69E}"
EndProject
Project("{FAE04EC0-301F-11D3-BF4B-00C04F79EFBC}") = "UniDocuments.Text.Plagiarism.Winnowing.Algorithm", "Documents\Algorithms\Winnowing\UniDocuments.Text.Plagiarism.Winnowing.Algorithm\UniDocuments.Text.Plagiarism.Winnowing.Algorithm.csproj", "{9609273F-FD84-4218-93FF-8960028A1334}"
EndProject
Project("{FAE04EC0-301F-11D3-BF4B-00C04F79EFBC}") = "UniDocuments.Text.Plagiarism.Winnowing.Data", "Documents\Algorithms\Winnowing\UniDocuments.Text.Plagiarism.Winnowing.Data\UniDocuments.Text.Plagiarism.Winnowing.Data.csproj", "{C299332C-FAE1-448C-9D15-166A8A2F1BAB}"
EndProject
Project("{2150E333-8FDC-42A3-9474-1A3956D46DE8}") = "Api", "Api", "{64E32456-3D4A-42A3-A61F-EAF6D24B3EFB}"
EndProject
Project("{FAE04EC0-301F-11D3-BF4B-00C04F79EFBC}") = "UniDocuments.App.Api", "Api\UniDocuments.App.Api\UniDocuments.App.Api.csproj", "{CFC39CF9-C666-438E-B290-F2134FDF66FF}"
EndProject
Project("{FAE04EC0-301F-11D3-BF4B-00C04F79EFBC}") = "UniDocuments.Text.Plagiarism.Algorithms.Core", "Documents\Algorithms\UniDocuments.Text.Plagiarism.Algorithms.Core\UniDocuments.Text.Plagiarism.Algorithms.Core.csproj", "{B26375B9-E5A8-4A86-AFF3-E4AD600C5A82}"
EndProject
Project("{2150E333-8FDC-42A3-9474-1A3956D46DE8}") = "Text", "Text", "{FC2EAE81-7390-4F3A-9108-54DDD657EA23}"
EndProject
Project("{FAE04EC0-301F-11D3-BF4B-00C04F79EFBC}") = "UniDocuments.Text.Features.Text", "Documents\Features\Text\UniDocuments.Text.Features.Text\UniDocuments.Text.Features.Text.csproj", "{3114C8CB-FE22-4F58-9682-BAC015C03656}"
EndProject
Project("{2150E333-8FDC-42A3-9474-1A3956D46DE8}") = "Fingerprint", "Fingerprint", "{5C61E47E-506E-4B91-99F8-36E2040C750F}"
EndProject
Project("{FAE04EC0-301F-11D3-BF4B-00C04F79EFBC}") = "UniDocuments.Text.Features.Fingerprint", "Documents\Features\Fingerprint\UniDocuments.Text.Features.Fingerprint\UniDocuments.Text.Features.Fingerprint.csproj", "{FD4A69A8-67C5-4A60-B24C-C84B5D812B84}"
EndProject
Project("{2150E333-8FDC-42A3-9474-1A3956D46DE8}") = "TextVector", "TextVector", "{1E38EB06-5AF8-4A6A-BF1D-BD5BF18B1FAB}"
EndProject
Project("{FAE04EC0-301F-11D3-BF4B-00C04F79EFBC}") = "UniDocuments.Text.Features.TextVector", "Documents\Features\TextVector\UniDocuments.Text.Features.TextVector\UniDocuments.Text.Features.TextVector.csproj", "{4A835CF8-A35A-4E84-B343-97749A087CD6}"
EndProject
Project("{FAE04EC0-301F-11D3-BF4B-00C04F79EFBC}") = "UniDocuments.Text.Application", "Documents\UniDocuments.Text.Application\UniDocuments.Text.Application.csproj", "{10D42F46-F438-4241-800E-96B1CA92AB73}"
EndProject
Project("{FAE04EC0-301F-11D3-BF4B-00C04F79EFBC}") = "UniDocuments.App.Application", "Domain\UniDocuments.App.Application\UniDocuments.App.Application.csproj", "{1880663D-7485-4423-8589-3756EBF4C6EE}"
EndProject
Project("{2150E333-8FDC-42A3-9474-1A3956D46DE8}") = "Nuget", "Nuget", "{0732877E-5898-4081-97BF-6583ADDFEB6A}"
EndProject
Project("{FAE04EC0-301F-11D3-BF4B-00C04F79EFBC}") = "PhlegmaticOne.OperationResults", "Nuget\PhlegmaticOne.OperationResults\PhlegmaticOne.OperationResults.csproj", "{9045F569-6FEF-43DC-AF74-8DBC8707BCC5}"
EndProject
Project("{FAE04EC0-301F-11D3-BF4B-00C04F79EFBC}") = "PhlegmaticOne.OperationResults.Mediatr", "Nuget\PhlegmaticOne.OperationResults.Mediatr\PhlegmaticOne.OperationResults.Mediatr.csproj", "{D9E2B3F3-E2C8-4659-98F7-76852202316D}"
EndProject
Global
	GlobalSection(SolutionConfigurationPlatforms) = preSolution
		Debug|Any CPU = Debug|Any CPU
		Release|Any CPU = Release|Any CPU
	EndGlobalSection
	GlobalSection(ProjectConfigurationPlatforms) = postSolution
		{2BD50DAD-5EEF-498D-8BA9-F0A9EB291863}.Debug|Any CPU.ActiveCfg = Debug|Any CPU
		{2BD50DAD-5EEF-498D-8BA9-F0A9EB291863}.Debug|Any CPU.Build.0 = Debug|Any CPU
		{2BD50DAD-5EEF-498D-8BA9-F0A9EB291863}.Release|Any CPU.ActiveCfg = Release|Any CPU
		{2BD50DAD-5EEF-498D-8BA9-F0A9EB291863}.Release|Any CPU.Build.0 = Release|Any CPU
		{DF2B32C3-44D5-45DF-946D-47743BD3C27A}.Debug|Any CPU.ActiveCfg = Debug|Any CPU
		{DF2B32C3-44D5-45DF-946D-47743BD3C27A}.Debug|Any CPU.Build.0 = Debug|Any CPU
		{DF2B32C3-44D5-45DF-946D-47743BD3C27A}.Release|Any CPU.ActiveCfg = Release|Any CPU
		{DF2B32C3-44D5-45DF-946D-47743BD3C27A}.Release|Any CPU.Build.0 = Release|Any CPU
		{80AAE361-33AC-4312-AC3B-B1F1389E74D0}.Debug|Any CPU.ActiveCfg = Debug|Any CPU
		{80AAE361-33AC-4312-AC3B-B1F1389E74D0}.Debug|Any CPU.Build.0 = Debug|Any CPU
		{80AAE361-33AC-4312-AC3B-B1F1389E74D0}.Release|Any CPU.ActiveCfg = Release|Any CPU
		{80AAE361-33AC-4312-AC3B-B1F1389E74D0}.Release|Any CPU.Build.0 = Release|Any CPU
		{ACD49B80-D7C3-47F6-8A5F-E0DC0A4BE2A4}.Debug|Any CPU.ActiveCfg = Debug|Any CPU
		{ACD49B80-D7C3-47F6-8A5F-E0DC0A4BE2A4}.Debug|Any CPU.Build.0 = Debug|Any CPU
		{ACD49B80-D7C3-47F6-8A5F-E0DC0A4BE2A4}.Release|Any CPU.ActiveCfg = Release|Any CPU
		{ACD49B80-D7C3-47F6-8A5F-E0DC0A4BE2A4}.Release|Any CPU.Build.0 = Release|Any CPU
		{91DBC1AA-43E7-4F6D-8D22-2CA58C10D1D5}.Debug|Any CPU.ActiveCfg = Debug|Any CPU
		{91DBC1AA-43E7-4F6D-8D22-2CA58C10D1D5}.Debug|Any CPU.Build.0 = Debug|Any CPU
		{91DBC1AA-43E7-4F6D-8D22-2CA58C10D1D5}.Release|Any CPU.ActiveCfg = Release|Any CPU
		{91DBC1AA-43E7-4F6D-8D22-2CA58C10D1D5}.Release|Any CPU.Build.0 = Release|Any CPU
		{58E6C525-F5B3-4AA6-AB4B-917D18226AF3}.Debug|Any CPU.ActiveCfg = Debug|Any CPU
		{58E6C525-F5B3-4AA6-AB4B-917D18226AF3}.Debug|Any CPU.Build.0 = Debug|Any CPU
		{58E6C525-F5B3-4AA6-AB4B-917D18226AF3}.Release|Any CPU.ActiveCfg = Release|Any CPU
		{58E6C525-F5B3-4AA6-AB4B-917D18226AF3}.Release|Any CPU.Build.0 = Release|Any CPU
		{D0EF8E16-6F28-4B4C-A663-0BD8BCD8B3B0}.Debug|Any CPU.ActiveCfg = Debug|Any CPU
		{D0EF8E16-6F28-4B4C-A663-0BD8BCD8B3B0}.Debug|Any CPU.Build.0 = Debug|Any CPU
		{D0EF8E16-6F28-4B4C-A663-0BD8BCD8B3B0}.Release|Any CPU.ActiveCfg = Release|Any CPU
		{D0EF8E16-6F28-4B4C-A663-0BD8BCD8B3B0}.Release|Any CPU.Build.0 = Release|Any CPU
		{43668585-451E-43C0-9FB7-EF104BFC4488}.Debug|Any CPU.ActiveCfg = Debug|Any CPU
		{43668585-451E-43C0-9FB7-EF104BFC4488}.Debug|Any CPU.Build.0 = Debug|Any CPU
		{43668585-451E-43C0-9FB7-EF104BFC4488}.Release|Any CPU.ActiveCfg = Release|Any CPU
		{43668585-451E-43C0-9FB7-EF104BFC4488}.Release|Any CPU.Build.0 = Release|Any CPU
		{395E2440-3BF5-43E7-8991-082C3E7D0DE0}.Debug|Any CPU.ActiveCfg = Debug|Any CPU
		{395E2440-3BF5-43E7-8991-082C3E7D0DE0}.Debug|Any CPU.Build.0 = Debug|Any CPU
		{395E2440-3BF5-43E7-8991-082C3E7D0DE0}.Release|Any CPU.ActiveCfg = Release|Any CPU
		{395E2440-3BF5-43E7-8991-082C3E7D0DE0}.Release|Any CPU.Build.0 = Release|Any CPU
		{3A42ECAD-EC21-4B5B-8298-CBB3E69B8D93}.Debug|Any CPU.ActiveCfg = Debug|Any CPU
		{3A42ECAD-EC21-4B5B-8298-CBB3E69B8D93}.Debug|Any CPU.Build.0 = Debug|Any CPU
		{3A42ECAD-EC21-4B5B-8298-CBB3E69B8D93}.Release|Any CPU.ActiveCfg = Release|Any CPU
		{3A42ECAD-EC21-4B5B-8298-CBB3E69B8D93}.Release|Any CPU.Build.0 = Release|Any CPU
		{397CEE91-281C-46AC-B71C-A9CB34AB4AF5}.Debug|Any CPU.ActiveCfg = Debug|Any CPU
		{397CEE91-281C-46AC-B71C-A9CB34AB4AF5}.Debug|Any CPU.Build.0 = Debug|Any CPU
		{397CEE91-281C-46AC-B71C-A9CB34AB4AF5}.Release|Any CPU.ActiveCfg = Release|Any CPU
		{397CEE91-281C-46AC-B71C-A9CB34AB4AF5}.Release|Any CPU.Build.0 = Release|Any CPU
		{7C527CBE-155B-4B6C-8E83-0A7CC596D06A}.Debug|Any CPU.ActiveCfg = Debug|Any CPU
		{7C527CBE-155B-4B6C-8E83-0A7CC596D06A}.Debug|Any CPU.Build.0 = Debug|Any CPU
		{7C527CBE-155B-4B6C-8E83-0A7CC596D06A}.Release|Any CPU.ActiveCfg = Release|Any CPU
		{7C527CBE-155B-4B6C-8E83-0A7CC596D06A}.Release|Any CPU.Build.0 = Release|Any CPU
		{C8E98E38-F0B5-4DA3-9545-B4E36E7695A5}.Debug|Any CPU.ActiveCfg = Debug|Any CPU
		{C8E98E38-F0B5-4DA3-9545-B4E36E7695A5}.Debug|Any CPU.Build.0 = Debug|Any CPU
		{C8E98E38-F0B5-4DA3-9545-B4E36E7695A5}.Release|Any CPU.ActiveCfg = Release|Any CPU
		{C8E98E38-F0B5-4DA3-9545-B4E36E7695A5}.Release|Any CPU.Build.0 = Release|Any CPU
		{17B00B46-0C5A-42B3-B2E2-BFA4D9B95DDE}.Debug|Any CPU.ActiveCfg = Debug|Any CPU
		{17B00B46-0C5A-42B3-B2E2-BFA4D9B95DDE}.Debug|Any CPU.Build.0 = Debug|Any CPU
		{17B00B46-0C5A-42B3-B2E2-BFA4D9B95DDE}.Release|Any CPU.ActiveCfg = Release|Any CPU
		{17B00B46-0C5A-42B3-B2E2-BFA4D9B95DDE}.Release|Any CPU.Build.0 = Release|Any CPU
		{9609273F-FD84-4218-93FF-8960028A1334}.Debug|Any CPU.ActiveCfg = Debug|Any CPU
		{9609273F-FD84-4218-93FF-8960028A1334}.Debug|Any CPU.Build.0 = Debug|Any CPU
		{9609273F-FD84-4218-93FF-8960028A1334}.Release|Any CPU.ActiveCfg = Release|Any CPU
		{9609273F-FD84-4218-93FF-8960028A1334}.Release|Any CPU.Build.0 = Release|Any CPU
		{C299332C-FAE1-448C-9D15-166A8A2F1BAB}.Debug|Any CPU.ActiveCfg = Debug|Any CPU
		{C299332C-FAE1-448C-9D15-166A8A2F1BAB}.Debug|Any CPU.Build.0 = Debug|Any CPU
		{C299332C-FAE1-448C-9D15-166A8A2F1BAB}.Release|Any CPU.ActiveCfg = Release|Any CPU
		{C299332C-FAE1-448C-9D15-166A8A2F1BAB}.Release|Any CPU.Build.0 = Release|Any CPU
		{CFC39CF9-C666-438E-B290-F2134FDF66FF}.Debug|Any CPU.ActiveCfg = Debug|Any CPU
		{CFC39CF9-C666-438E-B290-F2134FDF66FF}.Debug|Any CPU.Build.0 = Debug|Any CPU
		{CFC39CF9-C666-438E-B290-F2134FDF66FF}.Release|Any CPU.ActiveCfg = Release|Any CPU
		{CFC39CF9-C666-438E-B290-F2134FDF66FF}.Release|Any CPU.Build.0 = Release|Any CPU
		{B26375B9-E5A8-4A86-AFF3-E4AD600C5A82}.Debug|Any CPU.ActiveCfg = Debug|Any CPU
		{B26375B9-E5A8-4A86-AFF3-E4AD600C5A82}.Debug|Any CPU.Build.0 = Debug|Any CPU
		{B26375B9-E5A8-4A86-AFF3-E4AD600C5A82}.Release|Any CPU.ActiveCfg = Release|Any CPU
		{B26375B9-E5A8-4A86-AFF3-E4AD600C5A82}.Release|Any CPU.Build.0 = Release|Any CPU
		{3114C8CB-FE22-4F58-9682-BAC015C03656}.Debug|Any CPU.ActiveCfg = Debug|Any CPU
		{3114C8CB-FE22-4F58-9682-BAC015C03656}.Debug|Any CPU.Build.0 = Debug|Any CPU
		{3114C8CB-FE22-4F58-9682-BAC015C03656}.Release|Any CPU.ActiveCfg = Release|Any CPU
		{3114C8CB-FE22-4F58-9682-BAC015C03656}.Release|Any CPU.Build.0 = Release|Any CPU
		{FD4A69A8-67C5-4A60-B24C-C84B5D812B84}.Debug|Any CPU.ActiveCfg = Debug|Any CPU
		{FD4A69A8-67C5-4A60-B24C-C84B5D812B84}.Debug|Any CPU.Build.0 = Debug|Any CPU
		{FD4A69A8-67C5-4A60-B24C-C84B5D812B84}.Release|Any CPU.ActiveCfg = Release|Any CPU
		{FD4A69A8-67C5-4A60-B24C-C84B5D812B84}.Release|Any CPU.Build.0 = Release|Any CPU
		{4A835CF8-A35A-4E84-B343-97749A087CD6}.Debug|Any CPU.ActiveCfg = Debug|Any CPU
		{4A835CF8-A35A-4E84-B343-97749A087CD6}.Debug|Any CPU.Build.0 = Debug|Any CPU
		{4A835CF8-A35A-4E84-B343-97749A087CD6}.Release|Any CPU.ActiveCfg = Release|Any CPU
		{4A835CF8-A35A-4E84-B343-97749A087CD6}.Release|Any CPU.Build.0 = Release|Any CPU
		{10D42F46-F438-4241-800E-96B1CA92AB73}.Debug|Any CPU.ActiveCfg = Debug|Any CPU
		{10D42F46-F438-4241-800E-96B1CA92AB73}.Debug|Any CPU.Build.0 = Debug|Any CPU
		{10D42F46-F438-4241-800E-96B1CA92AB73}.Release|Any CPU.ActiveCfg = Release|Any CPU
		{10D42F46-F438-4241-800E-96B1CA92AB73}.Release|Any CPU.Build.0 = Release|Any CPU
		{1880663D-7485-4423-8589-3756EBF4C6EE}.Debug|Any CPU.ActiveCfg = Debug|Any CPU
		{1880663D-7485-4423-8589-3756EBF4C6EE}.Debug|Any CPU.Build.0 = Debug|Any CPU
		{1880663D-7485-4423-8589-3756EBF4C6EE}.Release|Any CPU.ActiveCfg = Release|Any CPU
		{1880663D-7485-4423-8589-3756EBF4C6EE}.Release|Any CPU.Build.0 = Release|Any CPU
		{9045F569-6FEF-43DC-AF74-8DBC8707BCC5}.Debug|Any CPU.ActiveCfg = Debug|Any CPU
		{9045F569-6FEF-43DC-AF74-8DBC8707BCC5}.Debug|Any CPU.Build.0 = Debug|Any CPU
		{9045F569-6FEF-43DC-AF74-8DBC8707BCC5}.Release|Any CPU.ActiveCfg = Release|Any CPU
		{9045F569-6FEF-43DC-AF74-8DBC8707BCC5}.Release|Any CPU.Build.0 = Release|Any CPU
		{D9E2B3F3-E2C8-4659-98F7-76852202316D}.Debug|Any CPU.ActiveCfg = Debug|Any CPU
		{D9E2B3F3-E2C8-4659-98F7-76852202316D}.Debug|Any CPU.Build.0 = Debug|Any CPU
		{D9E2B3F3-E2C8-4659-98F7-76852202316D}.Release|Any CPU.ActiveCfg = Release|Any CPU
		{D9E2B3F3-E2C8-4659-98F7-76852202316D}.Release|Any CPU.Build.0 = Release|Any CPU
	EndGlobalSection
	GlobalSection(SolutionProperties) = preSolution
		HideSolutionNode = FALSE
	EndGlobalSection
	GlobalSection(NestedProjects) = preSolution
		{A5E56C64-118A-4ADB-9A7A-4D46C788B4DE} = {C101BCC4-76ED-4BF5-9C53-BE019972BB84}
		{3318A837-08A1-4B19-B3FE-E410FE2E36CE} = {C101BCC4-76ED-4BF5-9C53-BE019972BB84}
		{2BD50DAD-5EEF-498D-8BA9-F0A9EB291863} = {6C3C7354-254A-4788-B5DC-9E36C37798F7}
		{DF2B32C3-44D5-45DF-946D-47743BD3C27A} = {6C3C7354-254A-4788-B5DC-9E36C37798F7}
		{80AAE361-33AC-4312-AC3B-B1F1389E74D0} = {6C3C7354-254A-4788-B5DC-9E36C37798F7}
		{ACD49B80-D7C3-47F6-8A5F-E0DC0A4BE2A4} = {C101BCC4-76ED-4BF5-9C53-BE019972BB84}
		{91DBC1AA-43E7-4F6D-8D22-2CA58C10D1D5} = {3B77D7F3-68BB-4459-9611-B82E2E5E39A1}
		{58E6C525-F5B3-4AA6-AB4B-917D18226AF3} = {EB71A5C5-745E-4914-882D-A2DAC139D23F}
		{EB71A5C5-745E-4914-882D-A2DAC139D23F} = {C101BCC4-76ED-4BF5-9C53-BE019972BB84}
		{D0EF8E16-6F28-4B4C-A663-0BD8BCD8B3B0} = {EB71A5C5-745E-4914-882D-A2DAC139D23F}
		{43668585-451E-43C0-9FB7-EF104BFC4488} = {EB71A5C5-745E-4914-882D-A2DAC139D23F}
		{5D7CAEFD-3BDC-43AE-93C1-3E0BADE1D96E} = {3318A837-08A1-4B19-B3FE-E410FE2E36CE}
		{395E2440-3BF5-43E7-8991-082C3E7D0DE0} = {5D7CAEFD-3BDC-43AE-93C1-3E0BADE1D96E}
		{C14CD351-DD45-4E4D-8DA2-E270834E8941} = {3318A837-08A1-4B19-B3FE-E410FE2E36CE}
		{3A42ECAD-EC21-4B5B-8298-CBB3E69B8D93} = {C14CD351-DD45-4E4D-8DA2-E270834E8941}
		{507C8BBD-4AF3-46F1-A0AC-2C05A61ED4CA} = {3318A837-08A1-4B19-B3FE-E410FE2E36CE}
		{397CEE91-281C-46AC-B71C-A9CB34AB4AF5} = {507C8BBD-4AF3-46F1-A0AC-2C05A61ED4CA}
		{7C527CBE-155B-4B6C-8E83-0A7CC596D06A} = {5D7CAEFD-3BDC-43AE-93C1-3E0BADE1D96E}
		{C8E98E38-F0B5-4DA3-9545-B4E36E7695A5} = {C14CD351-DD45-4E4D-8DA2-E270834E8941}
		{17B00B46-0C5A-42B3-B2E2-BFA4D9B95DDE} = {507C8BBD-4AF3-46F1-A0AC-2C05A61ED4CA}
		{3D45F957-C3B2-4C89-91FA-C5344BCFC69E} = {3318A837-08A1-4B19-B3FE-E410FE2E36CE}
		{9609273F-FD84-4218-93FF-8960028A1334} = {3D45F957-C3B2-4C89-91FA-C5344BCFC69E}
		{C299332C-FAE1-448C-9D15-166A8A2F1BAB} = {3D45F957-C3B2-4C89-91FA-C5344BCFC69E}
		{CFC39CF9-C666-438E-B290-F2134FDF66FF} = {64E32456-3D4A-42A3-A61F-EAF6D24B3EFB}
		{B26375B9-E5A8-4A86-AFF3-E4AD600C5A82} = {3318A837-08A1-4B19-B3FE-E410FE2E36CE}
		{FC2EAE81-7390-4F3A-9108-54DDD657EA23} = {A5E56C64-118A-4ADB-9A7A-4D46C788B4DE}
		{3114C8CB-FE22-4F58-9682-BAC015C03656} = {FC2EAE81-7390-4F3A-9108-54DDD657EA23}
		{5C61E47E-506E-4B91-99F8-36E2040C750F} = {A5E56C64-118A-4ADB-9A7A-4D46C788B4DE}
		{FD4A69A8-67C5-4A60-B24C-C84B5D812B84} = {5C61E47E-506E-4B91-99F8-36E2040C750F}
		{1E38EB06-5AF8-4A6A-BF1D-BD5BF18B1FAB} = {A5E56C64-118A-4ADB-9A7A-4D46C788B4DE}
		{4A835CF8-A35A-4E84-B343-97749A087CD6} = {1E38EB06-5AF8-4A6A-BF1D-BD5BF18B1FAB}
		{10D42F46-F438-4241-800E-96B1CA92AB73} = {C101BCC4-76ED-4BF5-9C53-BE019972BB84}
		{1880663D-7485-4423-8589-3756EBF4C6EE} = {6C3C7354-254A-4788-B5DC-9E36C37798F7}
		{9045F569-6FEF-43DC-AF74-8DBC8707BCC5} = {0732877E-5898-4081-97BF-6583ADDFEB6A}
		{D9E2B3F3-E2C8-4659-98F7-76852202316D} = {0732877E-5898-4081-97BF-6583ADDFEB6A}
	EndGlobalSection
	GlobalSection(ExtensibilityGlobals) = postSolution
		SolutionGuid = {54789FC2-24A6-4820-B310-FAF26BB9D94C}
	EndGlobalSection
EndGlobal
